PODS:
  - SnapKit (4.2.0)
  - SwiftKeychainWrapper (3.4.0)

DEPENDENCIES:
  - SnapKit (~> 4.0)
  - SwiftKeychainWrapper

SPEC REPOS:
  https://github.com/CocoaPods/Specs.git:
    - SnapKit
    - SwiftKeychainWrapper

SPEC CHECKSUMS:
  SnapKit: fe8a619752f3f27075cc9a90244d75c6c3f27e2a
  SwiftKeychainWrapper: 6fc49fbf7d4a6b0772917acb0e53a1639f6078d6

PODFILE CHECKSUM: 552a7c63a7e4be2b5be7bcecd09dceccc9307991

COCOAPODS: 1.8.4
