// !$*UTF8*$!
{
	archiveVersion = 1;
	classes = {
	};
	objectVersion = 50;
	objects = {

/* Begin PBXBuildFile section */
		90AF486B7B89165F117A0506 /* libPods-Jog Tracker.a in Frameworks */ = {isa = PBXBuildFile; fileRef = 50075A1E9DF3CDADD3C19402 /* libPods-Jog Tracker.a */; };
		EA424CEA24A3ACBE001A5180 /* NetworkingService.swift in Sources */ = {isa = PBXBuildFile; fileRef = EA424CE824A3ACBE001A5180 /* NetworkingService.swift */; };
		EA424CEB24A3ACBE001A5180 /* NetworkingServiceErrors.swift in Sources */ = {isa = PBXBuildFile; fileRef = EA424CE924A3ACBE001A5180 /* NetworkingServiceErrors.swift */; };
		EA424CED24A3AD23001A5180 /* AuthenticationResponse.swift in Sources */ = {isa = PBXBuildFile; fileRef = EA424CEC24A3AD23001A5180 /* AuthenticationResponse.swift */; };
		EA6ABB5E248FEC3300E59BFB /* LeftMenuViewController.swift in Sources */ = {isa = PBXBuildFile; fileRef = EA6ABB5C248FEC3300E59BFB /* LeftMenuViewController.swift */; };
		EA6ABB5F248FEC3300E59BFB /* LeftMenuViewController.xib in Resources */ = {isa = PBXBuildFile; fileRef = EA6ABB5D248FEC3300E59BFB /* LeftMenuViewController.xib */; };
		EA6ABB62248FF26B00E59BFB /* SendFeedbackViewController.swift in Sources */ = {isa = PBXBuildFile; fileRef = EA6ABB60248FF26B00E59BFB /* SendFeedbackViewController.swift */; };
		EA6ABB63248FF26B00E59BFB /* SendFeedbackViewController.xib in Resources */ = {isa = PBXBuildFile; fileRef = EA6ABB61248FF26B00E59BFB /* SendFeedbackViewController.xib */; };
		EA6ABB66248FFB4D00E59BFB /* Feedback.swift in Sources */ = {isa = PBXBuildFile; fileRef = EA6ABB65248FFB4D00E59BFB /* Feedback.swift */; };
		EA6ABB68248FFBE500E59BFB /* FeedbackService.swift in Sources */ = {isa = PBXBuildFile; fileRef = EA6ABB67248FFBE500E59BFB /* FeedbackService.swift */; };
		EA6ABB6B248FFCD200E59BFB /* FeedbackServiceErrors.swift in Sources */ = {isa = PBXBuildFile; fileRef = EA6ABB6A248FFCD200E59BFB /* FeedbackServiceErrors.swift */; };
		EA6ABB6D248FFE6200E59BFB /* FeedbackDelegate.swift in Sources */ = {isa = PBXBuildFile; fileRef = EA6ABB6C248FFE6200E59BFB /* FeedbackDelegate.swift */; };
		EA6ABB6F248FFF4A00E59BFB /* FeedbackErrors.swift in Sources */ = {isa = PBXBuildFile; fileRef = EA6ABB6E248FFF4A00E59BFB /* FeedbackErrors.swift */; };
		EA6ABB7124901CF700E59BFB /* WeeklyReports .swift in Sources */ = {isa = PBXBuildFile; fileRef = EA6ABB7024901CF700E59BFB /* WeeklyReports .swift */; };
		EA6ABB7324901E0400E59BFB /* WeaklyReport.swift in Sources */ = {isa = PBXBuildFile; fileRef = EA6ABB7224901E0400E59BFB /* WeaklyReport.swift */; };
		EA6ABB7724902A6300E59BFB /* WeeklyReportTableViewController.swift in Sources */ = {isa = PBXBuildFile; fileRef = EA6ABB7524902A6300E59BFB /* WeeklyReportTableViewController.swift */; };
		EA6ABB7824902A6300E59BFB /* WeeklyReportTableViewController.xib in Resources */ = {isa = PBXBuildFile; fileRef = EA6ABB7624902A6300E59BFB /* WeeklyReportTableViewController.xib */; };
		EA6ABB7B24902A8800E59BFB /* WeeklyReportTableViewCell.swift in Sources */ = {isa = PBXBuildFile; fileRef = EA6ABB7924902A8800E59BFB /* WeeklyReportTableViewCell.swift */; };
		EA6ABB7C24902A8800E59BFB /* WeeklyReportTableViewCell.xib in Resources */ = {isa = PBXBuildFile; fileRef = EA6ABB7A24902A8800E59BFB /* WeeklyReportTableViewCell.xib */; };
		EA6ABB812490D58F00E59BFB /* ReportFilterSettingsViewController.swift in Sources */ = {isa = PBXBuildFile; fileRef = EA6ABB7F2490D58F00E59BFB /* ReportFilterSettingsViewController.swift */; };
		EA6ABB822490D58F00E59BFB /* ReportFilterSettingsViewController.xib in Resources */ = {isa = PBXBuildFile; fileRef = EA6ABB802490D58F00E59BFB /* ReportFilterSettingsViewController.xib */; };
		EA6ABB842490D82700E59BFB /* ReportFilterSettings.swift in Sources */ = {isa = PBXBuildFile; fileRef = EA6ABB832490D82700E59BFB /* ReportFilterSettings.swift */; };
		EA6ABB862490EC6E00E59BFB /* ReportFilter.swift in Sources */ = {isa = PBXBuildFile; fileRef = EA6ABB852490EC6E00E59BFB /* ReportFilter.swift */; };
		EA81B4942493AFD800DA5D48 /* User.swift in Sources */ = {isa = PBXBuildFile; fileRef = EA81B4932493AFD800DA5D48 /* User.swift */; };
		EA81B4972493B09300DA5D48 /* UserService.swift in Sources */ = {isa = PBXBuildFile; fileRef = EA81B4962493B09300DA5D48 /* UserService.swift */; };
		EA81B4992493B1BD00DA5D48 /* UserServiceErrors.swift in Sources */ = {isa = PBXBuildFile; fileRef = EA81B4982493B1BD00DA5D48 /* UserServiceErrors.swift */; };
		EA81B49C2493BBE900DA5D48 /* .gitignore in Resources */ = {isa = PBXBuildFile; fileRef = EA81B49B2493BBE900DA5D48 /* .gitignore */; };
		EAF6E4E7248E9F900093FD16 /* AuthenticationServiceErrors.swift in Sources */ = {isa = PBXBuildFile; fileRef = EAF6E4E6248E9F900093FD16 /* AuthenticationServiceErrors.swift */; };
		EAF6E4EB248EA7450093FD16 /* AuthenticationErrors.swift in Sources */ = {isa = PBXBuildFile; fileRef = EAF6E4EA248EA7450093FD16 /* AuthenticationErrors.swift */; };
		EAF6E4F1248ECC560093FD16 /* Jog.swift in Sources */ = {isa = PBXBuildFile; fileRef = EAF6E4F0248ECC560093FD16 /* Jog.swift */; };
		EAF6E4F4248ECD2E0093FD16 /* Jogs.swift in Sources */ = {isa = PBXBuildFile; fileRef = EAF6E4F3248ECD2E0093FD16 /* Jogs.swift */; };
		EAF6E4F7248ED1300093FD16 /* JogsService.swift in Sources */ = {isa = PBXBuildFile; fileRef = EAF6E4F6248ED1300093FD16 /* JogsService.swift */; };
		EAF6E4F9248ED1400093FD16 /* JogsServiceErrors.swift in Sources */ = {isa = PBXBuildFile; fileRef = EAF6E4F8248ED1400093FD16 /* JogsServiceErrors.swift */; };
		EAF6E4FB248ED1930093FD16 /* JogsDelegate.swift in Sources */ = {isa = PBXBuildFile; fileRef = EAF6E4FA248ED1930093FD16 /* JogsDelegate.swift */; };
		EAF6E4FD248ED5C40093FD16 /* JpgsErrors.swift in Sources */ = {isa = PBXBuildFile; fileRef = EAF6E4FC248ED5C40093FD16 /* JpgsErrors.swift */; };
		EAF6E501248EE1100093FD16 /* ApiMessage.swift in Sources */ = {isa = PBXBuildFile; fileRef = EAF6E500248EE1100093FD16 /* ApiMessage.swift */; };
		EAF6E503248EE1AA0093FD16 /* Response.swift in Sources */ = {isa = PBXBuildFile; fileRef = EAF6E502248EE1AA0093FD16 /* Response.swift */; };
		EAF6E507248EE3020093FD16 /* JogsTableViewController.swift in Sources */ = {isa = PBXBuildFile; fileRef = EAF6E505248EE3020093FD16 /* JogsTableViewController.swift */; };
		EAF6E508248EE3020093FD16 /* JogsTableViewController.xib in Resources */ = {isa = PBXBuildFile; fileRef = EAF6E506248EE3020093FD16 /* JogsTableViewController.xib */; };
		EAF6E50B248EE8200093FD16 /* CustomTableViewCell.swift in Sources */ = {isa = PBXBuildFile; fileRef = EAF6E509248EE8200093FD16 /* CustomTableViewCell.swift */; };
		EAF6E50C248EE8200093FD16 /* CustomTableViewCell.xib in Resources */ = {isa = PBXBuildFile; fileRef = EAF6E50A248EE8200093FD16 /* CustomTableViewCell.xib */; };
		EAF6E511248F7E3E0093FD16 /* JogViewController.swift in Sources */ = {isa = PBXBuildFile; fileRef = EAF6E50F248F7E3E0093FD16 /* JogViewController.swift */; };
		EAF6E512248F7E3E0093FD16 /* JogViewController.xib in Resources */ = {isa = PBXBuildFile; fileRef = EAF6E510248F7E3E0093FD16 /* JogViewController.xib */; };
		EAF6E514248FC3D60093FD16 /* NotificationNameExtension.swift in Sources */ = {isa = PBXBuildFile; fileRef = EAF6E513248FC3D50093FD16 /* NotificationNameExtension.swift */; };
		EAFB8F4E248E91AC008BE894 /* AppDelegate.swift in Sources */ = {isa = PBXBuildFile; fileRef = EAFB8F4D248E91AC008BE894 /* AppDelegate.swift */; };
		EAFB8F57248E91B2008BE894 /* Assets.xcassets in Resources */ = {isa = PBXBuildFile; fileRef = EAFB8F56248E91B2008BE894 /* Assets.xcassets */; };
		EAFB8F5A248E91B2008BE894 /* LaunchScreen.storyboard in Resources */ = {isa = PBXBuildFile; fileRef = EAFB8F58248E91B2008BE894 /* LaunchScreen.storyboard */; };
		EAFB8F63248E9773008BE894 /* AuthenticationViewController.swift in Sources */ = {isa = PBXBuildFile; fileRef = EAFB8F61248E9773008BE894 /* AuthenticationViewController.swift */; };
		EAFB8F64248E9773008BE894 /* AuthenticationViewController.xib in Resources */ = {isa = PBXBuildFile; fileRef = EAFB8F62248E9773008BE894 /* AuthenticationViewController.xib */; };
		EAFB8F67248E97BA008BE894 /* AuthenticationService.swift in Sources */ = {isa = PBXBuildFile; fileRef = EAFB8F66248E97BA008BE894 /* AuthenticationService.swift */; };
		EAFB8F69248E97EF008BE894 /* AuthenticationWithUUID.swift in Sources */ = {isa = PBXBuildFile; fileRef = EAFB8F68248E97EF008BE894 /* AuthenticationWithUUID.swift */; };
/* End PBXBuildFile section */

/* Begin PBXFileReference section */
		25B0CFCC96C9AE6F2608FC96 /* Pods-Jog Tracker.debug.xcconfig */ = {isa = PBXFileReference; includeInIndex = 1; lastKnownFileType = text.xcconfig; name = "Pods-Jog Tracker.debug.xcconfig"; path = "Target Support Files/Pods-Jog Tracker/Pods-Jog Tracker.debug.xcconfig"; sourceTree = "<group>"; };
		50075A1E9DF3CDADD3C19402 /* libPods-Jog Tracker.a */ = {isa = PBXFileReference; explicitFileType = archive.ar; includeInIndex = 0; path = "libPods-Jog Tracker.a"; sourceTree = BUILT_PRODUCTS_DIR; };
		C05103ED1D26E120DD23844A /* Pods-Jog Tracker.release.xcconfig */ = {isa = PBXFileReference; includeInIndex = 1; lastKnownFileType = text.xcconfig; name = "Pods-Jog Tracker.release.xcconfig"; path = "Target Support Files/Pods-Jog Tracker/Pods-Jog Tracker.release.xcconfig"; sourceTree = "<group>"; };
		EA424CE824A3ACBE001A5180 /* NetworkingService.swift */ = {isa = PBXFileReference; fileEncoding = 4; lastKnownFileType = sourcecode.swift; path = NetworkingService.swift; sourceTree = "<group>"; };
		EA424CE924A3ACBE001A5180 /* NetworkingServiceErrors.swift */ = {isa = PBXFileReference; fileEncoding = 4; lastKnownFileType = sourcecode.swift; path = NetworkingServiceErrors.swift; sourceTree = "<group>"; };
		EA424CEC24A3AD23001A5180 /* AuthenticationResponse.swift */ = {isa = PBXFileReference; lastKnownFileType = sourcecode.swift; path = AuthenticationResponse.swift; sourceTree = "<group>"; };
		EA6ABB5C248FEC3300E59BFB /* LeftMenuViewController.swift */ = {isa = PBXFileReference; lastKnownFileType = sourcecode.swift; path = LeftMenuViewController.swift; sourceTree = "<group>"; };
		EA6ABB5D248FEC3300E59BFB /* LeftMenuViewController.xib */ = {isa = PBXFileReference; lastKnownFileType = file.xib; path = LeftMenuViewController.xib; sourceTree = "<group>"; };
		EA6ABB60248FF26B00E59BFB /* SendFeedbackViewController.swift */ = {isa = PBXFileReference; lastKnownFileType = sourcecode.swift; path = SendFeedbackViewController.swift; sourceTree = "<group>"; };
		EA6ABB61248FF26B00E59BFB /* SendFeedbackViewController.xib */ = {isa = PBXFileReference; lastKnownFileType = file.xib; path = SendFeedbackViewController.xib; sourceTree = "<group>"; };
		EA6ABB65248FFB4D00E59BFB /* Feedback.swift */ = {isa = PBXFileReference; lastKnownFileType = sourcecode.swift; path = Feedback.swift; sourceTree = "<group>"; };
		EA6ABB67248FFBE500E59BFB /* FeedbackService.swift */ = {isa = PBXFileReference; lastKnownFileType = sourcecode.swift; path = FeedbackService.swift; sourceTree = "<group>"; };
		EA6ABB6A248FFCD200E59BFB /* FeedbackServiceErrors.swift */ = {isa = PBXFileReference; lastKnownFileType = sourcecode.swift; path = FeedbackServiceErrors.swift; sourceTree = "<group>"; };
		EA6ABB6C248FFE6200E59BFB /* FeedbackDelegate.swift */ = {isa = PBXFileReference; lastKnownFileType = sourcecode.swift; path = FeedbackDelegate.swift; sourceTree = "<group>"; };
		EA6ABB6E248FFF4A00E59BFB /* FeedbackErrors.swift */ = {isa = PBXFileReference; lastKnownFileType = sourcecode.swift; path = FeedbackErrors.swift; sourceTree = "<group>"; };
		EA6ABB7024901CF700E59BFB /* WeeklyReports .swift */ = {isa = PBXFileReference; lastKnownFileType = sourcecode.swift; path = "WeeklyReports .swift"; sourceTree = "<group>"; };
		EA6ABB7224901E0400E59BFB /* WeaklyReport.swift */ = {isa = PBXFileReference; lastKnownFileType = sourcecode.swift; path = WeaklyReport.swift; sourceTree = "<group>"; };
		EA6ABB7524902A6300E59BFB /* WeeklyReportTableViewController.swift */ = {isa = PBXFileReference; lastKnownFileType = sourcecode.swift; path = WeeklyReportTableViewController.swift; sourceTree = "<group>"; };
		EA6ABB7624902A6300E59BFB /* WeeklyReportTableViewController.xib */ = {isa = PBXFileReference; lastKnownFileType = file.xib; path = WeeklyReportTableViewController.xib; sourceTree = "<group>"; };
		EA6ABB7924902A8800E59BFB /* WeeklyReportTableViewCell.swift */ = {isa = PBXFileReference; lastKnownFileType = sourcecode.swift; path = WeeklyReportTableViewCell.swift; sourceTree = "<group>"; };
		EA6ABB7A24902A8800E59BFB /* WeeklyReportTableViewCell.xib */ = {isa = PBXFileReference; lastKnownFileType = file.xib; path = WeeklyReportTableViewCell.xib; sourceTree = "<group>"; };
		EA6ABB7F2490D58F00E59BFB /* ReportFilterSettingsViewController.swift */ = {isa = PBXFileReference; lastKnownFileType = sourcecode.swift; path = ReportFilterSettingsViewController.swift; sourceTree = "<group>"; };
		EA6ABB802490D58F00E59BFB /* ReportFilterSettingsViewController.xib */ = {isa = PBXFileReference; lastKnownFileType = file.xib; path = ReportFilterSettingsViewController.xib; sourceTree = "<group>"; };
		EA6ABB832490D82700E59BFB /* ReportFilterSettings.swift */ = {isa = PBXFileReference; lastKnownFileType = sourcecode.swift; path = ReportFilterSettings.swift; sourceTree = "<group>"; };
		EA6ABB852490EC6E00E59BFB /* ReportFilter.swift */ = {isa = PBXFileReference; lastKnownFileType = sourcecode.swift; path = ReportFilter.swift; sourceTree = "<group>"; };
		EA81B4932493AFD800DA5D48 /* User.swift */ = {isa = PBXFileReference; lastKnownFileType = sourcecode.swift; path = User.swift; sourceTree = "<group>"; };
		EA81B4962493B09300DA5D48 /* UserService.swift */ = {isa = PBXFileReference; lastKnownFileType = sourcecode.swift; path = UserService.swift; sourceTree = "<group>"; };
		EA81B4982493B1BD00DA5D48 /* UserServiceErrors.swift */ = {isa = PBXFileReference; lastKnownFileType = sourcecode.swift; path = UserServiceErrors.swift; sourceTree = "<group>"; };
		EA81B49B2493BBE900DA5D48 /* .gitignore */ = {isa = PBXFileReference; lastKnownFileType = text; path = .gitignore; sourceTree = "<group>"; };
		EAF6E4E6248E9F900093FD16 /* AuthenticationServiceErrors.swift */ = {isa = PBXFileReference; lastKnownFileType = sourcecode.swift; path = AuthenticationServiceErrors.swift; sourceTree = "<group>"; };
		EAF6E4EA248EA7450093FD16 /* AuthenticationErrors.swift */ = {isa = PBXFileReference; lastKnownFileType = sourcecode.swift; path = AuthenticationErrors.swift; sourceTree = "<group>"; };
		EAF6E4F0248ECC560093FD16 /* Jog.swift */ = {isa = PBXFileReference; lastKnownFileType = sourcecode.swift; path = Jog.swift; sourceTree = "<group>"; };
		EAF6E4F3248ECD2E0093FD16 /* Jogs.swift */ = {isa = PBXFileReference; lastKnownFileType = sourcecode.swift; path = Jogs.swift; sourceTree = "<group>"; };
		EAF6E4F6248ED1300093FD16 /* JogsService.swift */ = {isa = PBXFileReference; lastKnownFileType = sourcecode.swift; path = JogsService.swift; sourceTree = "<group>"; };
		EAF6E4F8248ED1400093FD16 /* JogsServiceErrors.swift */ = {isa = PBXFileReference; lastKnownFileType = sourcecode.swift; path = JogsServiceErrors.swift; sourceTree = "<group>"; };
		EAF6E4FA248ED1930093FD16 /* JogsDelegate.swift */ = {isa = PBXFileReference; lastKnownFileType = sourcecode.swift; path = JogsDelegate.swift; sourceTree = "<group>"; };
		EAF6E4FC248ED5C40093FD16 /* JpgsErrors.swift */ = {isa = PBXFileReference; lastKnownFileType = sourcecode.swift; path = JpgsErrors.swift; sourceTree = "<group>"; };
		EAF6E500248EE1100093FD16 /* ApiMessage.swift */ = {isa = PBXFileReference; lastKnownFileType = sourcecode.swift; path = ApiMessage.swift; sourceTree = "<group>"; };
		EAF6E502248EE1AA0093FD16 /* Response.swift */ = {isa = PBXFileReference; lastKnownFileType = sourcecode.swift; path = Response.swift; sourceTree = "<group>"; };
		EAF6E505248EE3020093FD16 /* JogsTableViewController.swift */ = {isa = PBXFileReference; lastKnownFileType = sourcecode.swift; path = JogsTableViewController.swift; sourceTree = "<group>"; };
		EAF6E506248EE3020093FD16 /* JogsTableViewController.xib */ = {isa = PBXFileReference; lastKnownFileType = file.xib; path = JogsTableViewController.xib; sourceTree = "<group>"; };
		EAF6E509248EE8200093FD16 /* CustomTableViewCell.swift */ = {isa = PBXFileReference; lastKnownFileType = sourcecode.swift; path = CustomTableViewCell.swift; sourceTree = "<group>"; };
		EAF6E50A248EE8200093FD16 /* CustomTableViewCell.xib */ = {isa = PBXFileReference; lastKnownFileType = file.xib; path = CustomTableViewCell.xib; sourceTree = "<group>"; };
		EAF6E50F248F7E3E0093FD16 /* JogViewController.swift */ = {isa = PBXFileReference; lastKnownFileType = sourcecode.swift; path = JogViewController.swift; sourceTree = "<group>"; };
		EAF6E510248F7E3E0093FD16 /* JogViewController.xib */ = {isa = PBXFileReference; lastKnownFileType = file.xib; path = JogViewController.xib; sourceTree = "<group>"; };
		EAF6E513248FC3D50093FD16 /* NotificationNameExtension.swift */ = {isa = PBXFileReference; lastKnownFileType = sourcecode.swift; path = NotificationNameExtension.swift; sourceTree = "<group>"; };
		EAFB8F4A248E91AC008BE894 /* Jog Tracker.app */ = {isa = PBXFileReference; explicitFileType = wrapper.application; includeInIndex = 0; path = "Jog Tracker.app"; sourceTree = BUILT_PRODUCTS_DIR; };
		EAFB8F4D248E91AC008BE894 /* AppDelegate.swift */ = {isa = PBXFileReference; lastKnownFileType = sourcecode.swift; path = AppDelegate.swift; sourceTree = "<group>"; };
		EAFB8F56248E91B2008BE894 /* Assets.xcassets */ = {isa = PBXFileReference; lastKnownFileType = folder.assetcatalog; path = Assets.xcassets; sourceTree = "<group>"; };
		EAFB8F59248E91B2008BE894 /* Base */ = {isa = PBXFileReference; lastKnownFileType = file.storyboard; name = Base; path = Base.lproj/LaunchScreen.storyboard; sourceTree = "<group>"; };
		EAFB8F5B248E91B2008BE894 /* Info.plist */ = {isa = PBXFileReference; lastKnownFileType = text.plist.xml; path = Info.plist; sourceTree = "<group>"; };
		EAFB8F61248E9773008BE894 /* AuthenticationViewController.swift */ = {isa = PBXFileReference; lastKnownFileType = sourcecode.swift; path = AuthenticationViewController.swift; sourceTree = "<group>"; };
		EAFB8F62248E9773008BE894 /* AuthenticationViewController.xib */ = {isa = PBXFileReference; lastKnownFileType = file.xib; path = AuthenticationViewController.xib; sourceTree = "<group>"; };
		EAFB8F66248E97BA008BE894 /* AuthenticationService.swift */ = {isa = PBXFileReference; lastKnownFileType = sourcecode.swift; path = AuthenticationService.swift; sourceTree = "<group>"; };
		EAFB8F68248E97EF008BE894 /* AuthenticationWithUUID.swift */ = {isa = PBXFileReference; lastKnownFileType = sourcecode.swift; path = AuthenticationWithUUID.swift; sourceTree = "<group>"; };
/* End PBXFileReference section */

/* Begin PBXFrameworksBuildPhase section */
		EAFB8F47248E91AC008BE894 /* Frameworks */ = {
			isa = PBXFrameworksBuildPhase;
			buildActionMask = 2147483647;
			files = (
				90AF486B7B89165F117A0506 /* libPods-Jog Tracker.a in Frameworks */,
			);
			runOnlyForDeploymentPostprocessing = 0;
		};
/* End PBXFrameworksBuildPhase section */

/* Begin PBXGroup section */
		4F270808216391446997ED2C /* Pods */ = {
			isa = PBXGroup;
			children = (
				25B0CFCC96C9AE6F2608FC96 /* Pods-Jog Tracker.debug.xcconfig */,
				C05103ED1D26E120DD23844A /* Pods-Jog Tracker.release.xcconfig */,
			);
			path = Pods;
			sourceTree = "<group>";
		};
		60F36FA8818D09653140D0A6 /* Frameworks */ = {
			isa = PBXGroup;
			children = (
				50075A1E9DF3CDADD3C19402 /* libPods-Jog Tracker.a */,
			);
			name = Frameworks;
			sourceTree = "<group>";
		};
		EA6ABB64248FFB2A00E59BFB /* Feedback */ = {
			isa = PBXGroup;
			children = (
				EA6ABB65248FFB4D00E59BFB /* Feedback.swift */,
				EA6ABB6C248FFE6200E59BFB /* FeedbackDelegate.swift */,
				EA6ABB6E248FFF4A00E59BFB /* FeedbackErrors.swift */,
			);
			path = Feedback;
			sourceTree = "<group>";
		};
		EA6ABB69248FFBEE00E59BFB /* FeedbackService */ = {
			isa = PBXGroup;
			children = (
				EA6ABB67248FFBE500E59BFB /* FeedbackService.swift */,
				EA6ABB6A248FFCD200E59BFB /* FeedbackServiceErrors.swift */,
			);
			path = FeedbackService;
			sourceTree = "<group>";
		};
		EA6ABB74249028EC00E59BFB /* WeeklyReport */ = {
			isa = PBXGroup;
			children = (
				EA6ABB7024901CF700E59BFB /* WeeklyReports .swift */,
				EA6ABB7224901E0400E59BFB /* WeaklyReport.swift */,
				EA6ABB832490D82700E59BFB /* ReportFilterSettings.swift */,
				EA6ABB852490EC6E00E59BFB /* ReportFilter.swift */,
			);
			path = WeeklyReport;
			sourceTree = "<group>";
		};
		EA6ABB7D249033C300E59BFB /* WeeklyReportTableViewCell */ = {
			isa = PBXGroup;
			children = (
				EA6ABB7924902A8800E59BFB /* WeeklyReportTableViewCell.swift */,
				EA6ABB7A24902A8800E59BFB /* WeeklyReportTableViewCell.xib */,
			);
			path = WeeklyReportTableViewCell;
			sourceTree = "<group>";
		};
		EA6ABB7E249033D700E59BFB /* CustomTableViewCell */ = {
			isa = PBXGroup;
			children = (
				EAF6E509248EE8200093FD16 /* CustomTableViewCell.swift */,
				EAF6E50A248EE8200093FD16 /* CustomTableViewCell.xib */,
			);
			path = CustomTableViewCell;
			sourceTree = "<group>";
		};
		EA81B4952493B07F00DA5D48 /* UserService */ = {
			isa = PBXGroup;
			children = (
				EA81B4962493B09300DA5D48 /* UserService.swift */,
				EA81B4982493B1BD00DA5D48 /* UserServiceErrors.swift */,
			);
			path = UserService;
			sourceTree = "<group>";
		};
		EA81B49A2493B4E400DA5D48 /* User */ = {
			isa = PBXGroup;
			children = (
				EA81B4932493AFD800DA5D48 /* User.swift */,
			);
			name = User;
			sourceTree = "<group>";
		};
		EAF6E4EC248EB43D0093FD16 /* AuthenticationService */ = {
			isa = PBXGroup;
			children = (
				EAFB8F66248E97BA008BE894 /* AuthenticationService.swift */,
				EAF6E4E6248E9F900093FD16 /* AuthenticationServiceErrors.swift */,
			);
			path = AuthenticationService;
			sourceTree = "<group>";
		};
		EAF6E4ED248EB4540093FD16 /* Application */ = {
			isa = PBXGroup;
			children = (
				EAFB8F4D248E91AC008BE894 /* AppDelegate.swift */,
				EAFB8F58248E91B2008BE894 /* LaunchScreen.storyboard */,
			);
			path = Application;
			sourceTree = "<group>";
		};
		EAF6E4EE248EB4640093FD16 /* View Controllers */ = {
			isa = PBXGroup;
			children = (
				EAF6E50F248F7E3E0093FD16 /* JogViewController.swift */,
				EAF6E505248EE3020093FD16 /* JogsTableViewController.swift */,
				EAFB8F61248E9773008BE894 /* AuthenticationViewController.swift */,
				EA6ABB5C248FEC3300E59BFB /* LeftMenuViewController.swift */,
				EA6ABB60248FF26B00E59BFB /* SendFeedbackViewController.swift */,
				EA6ABB7524902A6300E59BFB /* WeeklyReportTableViewController.swift */,
				EA6ABB7F2490D58F00E59BFB /* ReportFilterSettingsViewController.swift */,
			);
			path = "View Controllers";
			sourceTree = "<group>";
		};
		EAF6E4EF248EB4750093FD16 /* View */ = {
			isa = PBXGroup;
			children = (
				EA6ABB7D249033C300E59BFB /* WeeklyReportTableViewCell */,
				EA6ABB7E249033D700E59BFB /* CustomTableViewCell */,
				EA6ABB5D248FEC3300E59BFB /* LeftMenuViewController.xib */,
				EAF6E510248F7E3E0093FD16 /* JogViewController.xib */,
				EAF6E506248EE3020093FD16 /* JogsTableViewController.xib */,
				EAFB8F62248E9773008BE894 /* AuthenticationViewController.xib */,
				EA6ABB61248FF26B00E59BFB /* SendFeedbackViewController.xib */,
				EA6ABB7624902A6300E59BFB /* WeeklyReportTableViewController.xib */,
				EA6ABB802490D58F00E59BFB /* ReportFilterSettingsViewController.xib */,
			);
			path = View;
			sourceTree = "<group>";
		};
		EAF6E4F2248ECD1C0093FD16 /* Jogs */ = {
			isa = PBXGroup;
			children = (
				EAF6E4F3248ECD2E0093FD16 /* Jogs.swift */,
				EAF6E4FA248ED1930093FD16 /* JogsDelegate.swift */,
				EAF6E4FC248ED5C40093FD16 /* JpgsErrors.swift */,
				EAF6E504248EE1F20093FD16 /* ApiMessage */,
			);
			path = Jogs;
			sourceTree = "<group>";
		};
		EAF6E4F5248ED1140093FD16 /* JogsService */ = {
			isa = PBXGroup;
			children = (
				EAF6E4F6248ED1300093FD16 /* JogsService.swift */,
				EAF6E4F8248ED1400093FD16 /* JogsServiceErrors.swift */,
			);
			path = JogsService;
			sourceTree = "<group>";
		};
		EAF6E504248EE1F20093FD16 /* ApiMessage */ = {
			isa = PBXGroup;
			children = (
				EAF6E4F0248ECC560093FD16 /* Jog.swift */,
				EAF6E500248EE1100093FD16 /* ApiMessage.swift */,
				EAF6E502248EE1AA0093FD16 /* Response.swift */,
			);
			path = ApiMessage;
			sourceTree = "<group>";
		};
		EAFB8F41248E91AC008BE894 = {
			isa = PBXGroup;
			children = (
				EA81B49B2493BBE900DA5D48 /* .gitignore */,
				EAFB8F4C248E91AC008BE894 /* Jog Tracker */,
				EAFB8F4B248E91AC008BE894 /* Products */,
				4F270808216391446997ED2C /* Pods */,
				60F36FA8818D09653140D0A6 /* Frameworks */,
			);
			sourceTree = "<group>";
		};
		EAFB8F4B248E91AC008BE894 /* Products */ = {
			isa = PBXGroup;
			children = (
				EAFB8F4A248E91AC008BE894 /* Jog Tracker.app */,
			);
			name = Products;
			sourceTree = "<group>";
		};
		EAFB8F4C248E91AC008BE894 /* Jog Tracker */ = {
			isa = PBXGroup;
			children = (
				EAF6E4ED248EB4540093FD16 /* Application */,
				EAFB8F6A248E97F8008BE894 /* Model */,
				EAF6E4EF248EB4750093FD16 /* View */,
				EAF6E4EE248EB4640093FD16 /* View Controllers */,
				EAFB8F56248E91B2008BE894 /* Assets.xcassets */,
				EAFB8F5B248E91B2008BE894 /* Info.plist */,
			);
			path = "Jog Tracker";
			sourceTree = "<group>";
		};
		EAFB8F65248E978E008BE894 /* Networking */ = {
			isa = PBXGroup;
			children = (
				EA424CE824A3ACBE001A5180 /* NetworkingService.swift */,
				EA424CE924A3ACBE001A5180 /* NetworkingServiceErrors.swift */,
				EA81B4952493B07F00DA5D48 /* UserService */,
				EAF6E4F5248ED1140093FD16 /* JogsService */,
				EAF6E4EC248EB43D0093FD16 /* AuthenticationService */,
				EA6ABB69248FFBEE00E59BFB /* FeedbackService */,
			);
			path = Networking;
			sourceTree = "<group>";
		};
		EAFB8F6A248E97F8008BE894 /* Model */ = {
			isa = PBXGroup;
			children = (
				EA81B49A2493B4E400DA5D48 /* User */,
				EA6ABB74249028EC00E59BFB /* WeeklyReport */,
				EA6ABB64248FFB2A00E59BFB /* Feedback */,
				EAF6E4F2248ECD1C0093FD16 /* Jogs */,
				EAFB8F6B248E981E008BE894 /* Authentication */,
				EAFB8F65248E978E008BE894 /* Networking */,
			);
			path = Model;
			sourceTree = "<group>";
		};
		EAFB8F6B248E981E008BE894 /* Authentication */ = {
			isa = PBXGroup;
			children = (
				EAFB8F68248E97EF008BE894 /* AuthenticationWithUUID.swift */,
				EAF6E4EA248EA7450093FD16 /* AuthenticationErrors.swift */,
				EAF6E513248FC3D50093FD16 /* NotificationNameExtension.swift */,
				EA424CEC24A3AD23001A5180 /* AuthenticationResponse.swift */,
			);
			path = Authentication;
			sourceTree = "<group>";
		};
/* End PBXGroup section */

/* Begin PBXNativeTarget section */
		EAFB8F49248E91AC008BE894 /* Jog Tracker */ = {
			isa = PBXNativeTarget;
			buildConfigurationList = EAFB8F5E248E91B2008BE894 /* Build configuration list for PBXNativeTarget "Jog Tracker" */;
			buildPhases = (
				365BC163456BFCF67A4F14B2 /* [CP] Check Pods Manifest.lock */,
				EAFB8F46248E91AC008BE894 /* Sources */,
				EAFB8F47248E91AC008BE894 /* Frameworks */,
				EAFB8F48248E91AC008BE894 /* Resources */,
			);
			buildRules = (
			);
			dependencies = (
			);
			name = "Jog Tracker";
			productName = "Jog Tracker";
			productReference = EAFB8F4A248E91AC008BE894 /* Jog Tracker.app */;
			productType = "com.apple.product-type.application";
		};
/* End PBXNativeTarget section */

/* Begin PBXProject section */
		EAFB8F42248E91AC008BE894 /* Project object */ = {
			isa = PBXProject;
			attributes = {
				LastSwiftUpdateCheck = 1150;
				LastUpgradeCheck = 1150;
				ORGANIZATIONNAME = "Илья Бочков ";
				TargetAttributes = {
					EAFB8F49248E91AC008BE894 = {
						CreatedOnToolsVersion = 11.5;
					};
				};
			};
			buildConfigurationList = EAFB8F45248E91AC008BE894 /* Build configuration list for PBXProject "Jog Tracker" */;
			compatibilityVersion = "Xcode 9.3";
			developmentRegion = en;
			hasScannedForEncodings = 0;
			knownRegions = (
				en,
				Base,
			);
			mainGroup = EAFB8F41248E91AC008BE894;
			productRefGroup = EAFB8F4B248E91AC008BE894 /* Products */;
			projectDirPath = "";
			projectRoot = "";
			targets = (
				EAFB8F49248E91AC008BE894 /* Jog Tracker */,
			);
		};
/* End PBXProject section */

/* Begin PBXResourcesBuildPhase section */
		EAFB8F48248E91AC008BE894 /* Resources */ = {
			isa = PBXResourcesBuildPhase;
			buildActionMask = 2147483647;
			files = (
				EAFB8F64248E9773008BE894 /* AuthenticationViewController.xib in Resources */,
				EAFB8F5A248E91B2008BE894 /* LaunchScreen.storyboard in Resources */,
				EA6ABB7C24902A8800E59BFB /* WeeklyReportTableViewCell.xib in Resources */,
				EAF6E508248EE3020093FD16 /* JogsTableViewController.xib in Resources */,
				EA81B49C2493BBE900DA5D48 /* .gitignore in Resources */,
				EAF6E512248F7E3E0093FD16 /* JogViewController.xib in Resources */,
				EAF6E50C248EE8200093FD16 /* CustomTableViewCell.xib in Resources */,
				EA6ABB63248FF26B00E59BFB /* SendFeedbackViewController.xib in Resources */,
				EA6ABB822490D58F00E59BFB /* ReportFilterSettingsViewController.xib in Resources */,
				EA6ABB7824902A6300E59BFB /* WeeklyReportTableViewController.xib in Resources */,
				EA6ABB5F248FEC3300E59BFB /* LeftMenuViewController.xib in Resources */,
				EAFB8F57248E91B2008BE894 /* Assets.xcassets in Resources */,
			);
			runOnlyForDeploymentPostprocessing = 0;
		};
/* End PBXResourcesBuildPhase section */

/* Begin PBXShellScriptBuildPhase section */
		365BC163456BFCF67A4F14B2 /* [CP] Check Pods Manifest.lock */ = {
			isa = PBXShellScriptBuildPhase;
			buildActionMask = 2147483647;
			files = (
			);
			inputFileListPaths = (
			);
			inputPaths = (
				"${PODS_PODFILE_DIR_PATH}/Podfile.lock",
				"${PODS_ROOT}/Manifest.lock",
			);
			name = "[CP] Check Pods Manifest.lock";
			outputFileListPaths = (
			);
			outputPaths = (
				"$(DERIVED_FILE_DIR)/Pods-Jog Tracker-checkManifestLockResult.txt",
			);
			runOnlyForDeploymentPostprocessing = 0;
			shellPath = /bin/sh;
			shellScript = "diff \"${PODS_PODFILE_DIR_PATH}/Podfile.lock\" \"${PODS_ROOT}/Manifest.lock\" > /dev/null\nif [ $? != 0 ] ; then\n    # print error to STDERR\n    echo \"error: The sandbox is not in sync with the Podfile.lock. Run 'pod install' or update your CocoaPods installation.\" >&2\n    exit 1\nfi\n# This output is used by Xcode 'outputs' to avoid re-running this script phase.\necho \"SUCCESS\" > \"${SCRIPT_OUTPUT_FILE_0}\"\n";
			showEnvVarsInLog = 0;
		};
/* End PBXShellScriptBuildPhase section */

/* Begin PBXSourcesBuildPhase section */
		EAFB8F46248E91AC008BE894 /* Sources */ = {
			isa = PBXSourcesBuildPhase;
			buildActionMask = 2147483647;
			files = (
				EAF6E4E7248E9F900093FD16 /* AuthenticationServiceErrors.swift in Sources */,
				EA6ABB6B248FFCD200E59BFB /* FeedbackServiceErrors.swift in Sources */,
				EA6ABB7B24902A8800E59BFB /* WeeklyReportTableViewCell.swift in Sources */,
				EAF6E4FB248ED1930093FD16 /* JogsDelegate.swift in Sources */,
				EAFB8F67248E97BA008BE894 /* AuthenticationService.swift in Sources */,
				EAF6E503248EE1AA0093FD16 /* Response.swift in Sources */,
				EA6ABB66248FFB4D00E59BFB /* Feedback.swift in Sources */,
				EA6ABB7324901E0400E59BFB /* WeaklyReport.swift in Sources */,
				EA6ABB842490D82700E59BFB /* ReportFilterSettings.swift in Sources */,
				EA6ABB62248FF26B00E59BFB /* SendFeedbackViewController.swift in Sources */,
				EA6ABB7124901CF700E59BFB /* WeeklyReports .swift in Sources */,
				EA6ABB7724902A6300E59BFB /* WeeklyReportTableViewController.swift in Sources */,
				EA6ABB862490EC6E00E59BFB /* ReportFilter.swift in Sources */,
				EAF6E4EB248EA7450093FD16 /* AuthenticationErrors.swift in Sources */,
				EA424CEB24A3ACBE001A5180 /* NetworkingServiceErrors.swift in Sources */,
				EAF6E50B248EE8200093FD16 /* CustomTableViewCell.swift in Sources */,
				EA6ABB812490D58F00E59BFB /* ReportFilterSettingsViewController.swift in Sources */,
				EA6ABB68248FFBE500E59BFB /* FeedbackService.swift in Sources */,
				EAFB8F63248E9773008BE894 /* AuthenticationViewController.swift in Sources */,
				EAF6E4F1248ECC560093FD16 /* Jog.swift in Sources */,
				EAF6E511248F7E3E0093FD16 /* JogViewController.swift in Sources */,
				EAFB8F4E248E91AC008BE894 /* AppDelegate.swift in Sources */,
				EA81B4972493B09300DA5D48 /* UserService.swift in Sources */,
				EAF6E4F4248ECD2E0093FD16 /* Jogs.swift in Sources */,
				EAF6E4F9248ED1400093FD16 /* JogsServiceErrors.swift in Sources */,
				EA424CED24A3AD23001A5180 /* AuthenticationResponse.swift in Sources */,
				EAF6E501248EE1100093FD16 /* ApiMessage.swift in Sources */,
				EA81B4942493AFD800DA5D48 /* User.swift in Sources */,
				EAF6E4FD248ED5C40093FD16 /* JpgsErrors.swift in Sources */,
				EA6ABB5E248FEC3300E59BFB /* LeftMenuViewController.swift in Sources */,
				EAF6E4F7248ED1300093FD16 /* JogsService.swift in Sources */,
				EA6ABB6F248FFF4A00E59BFB /* FeedbackErrors.swift in Sources */,
				EA424CEA24A3ACBE001A5180 /* NetworkingService.swift in Sources */,
				EA81B4992493B1BD00DA5D48 /* UserServiceErrors.swift in Sources */,
				EAF6E507248EE3020093FD16 /* JogsTableViewController.swift in Sources */,
				EAFB8F69248E97EF008BE894 /* AuthenticationWithUUID.swift in Sources */,
				EA6ABB6D248FFE6200E59BFB /* FeedbackDelegate.swift in Sources */,
				EAF6E514248FC3D60093FD16 /* NotificationNameExtension.swift in Sources */,
			);
			runOnlyForDeploymentPostprocessing = 0;
		};
/* End PBXSourcesBuildPhase section */

/* Begin PBXVariantGroup section */
		EAFB8F58248E91B2008BE894 /* LaunchScreen.storyboard */ = {
			isa = PBXVariantGroup;
			children = (
				EAFB8F59248E91B2008BE894 /* Base */,
			);
			name = LaunchScreen.storyboard;
			sourceTree = "<group>";
		};
/* End PBXVariantGroup section */

/* Begin XCBuildConfiguration section */
		EAFB8F5C248E91B2008BE894 /* Debug */ = {
			isa = XCBuildConfiguration;
			buildSettings = {
				ALWAYS_SEARCH_USER_PATHS = NO;
				CLANG_ANALYZER_NONNULL = YES;
				CLANG_ANALYZER_NUMBER_OBJECT_CONVERSION = YES_AGGRESSIVE;
				CLANG_CXX_LANGUAGE_STANDARD = "gnu++14";
				CLANG_CXX_LIBRARY = "libc++";
				CLANG_ENABLE_MODULES = YES;
				CLANG_ENABLE_OBJC_ARC = YES;
				CLANG_ENABLE_OBJC_WEAK = YES;
				CLANG_WARN_BLOCK_CAPTURE_AUTORELEASING = YES;
				CLANG_WARN_BOOL_CONVERSION = YES;
				CLANG_WARN_COMMA = YES;
				CLANG_WARN_CONSTANT_CONVERSION = YES;
				CLANG_WARN_DEPRECATED_OBJC_IMPLEMENTATIONS = YES;
				CLANG_WARN_DIRECT_OBJC_ISA_USAGE = YES_ERROR;
				CLANG_WARN_DOCUMENTATION_COMMENTS = YES;
				CLANG_WARN_EMPTY_BODY = YES;
				CLANG_WARN_ENUM_CONVERSION = YES;
				CLANG_WARN_INFINITE_RECURSION = YES;
				CLANG_WARN_INT_CONVERSION = YES;
				CLANG_WARN_NON_LITERAL_NULL_CONVERSION = YES;
				CLANG_WARN_OBJC_IMPLICIT_RETAIN_SELF = YES;
				CLANG_WARN_OBJC_LITERAL_CONVERSION = YES;
				CLANG_WARN_OBJC_ROOT_CLASS = YES_ERROR;
				CLANG_WARN_RANGE_LOOP_ANALYSIS = YES;
				CLANG_WARN_STRICT_PROTOTYPES = YES;
				CLANG_WARN_SUSPICIOUS_MOVE = YES;
				CLANG_WARN_UNGUARDED_AVAILABILITY = YES_AGGRESSIVE;
				CLANG_WARN_UNREACHABLE_CODE = YES;
				CLANG_WARN__DUPLICATE_METHOD_MATCH = YES;
				COPY_PHASE_STRIP = NO;
				DEBUG_INFORMATION_FORMAT = dwarf;
				ENABLE_STRICT_OBJC_MSGSEND = YES;
				ENABLE_TESTABILITY = YES;
				GCC_C_LANGUAGE_STANDARD = gnu11;
				GCC_DYNAMIC_NO_PIC = NO;
				GCC_NO_COMMON_BLOCKS = YES;
				GCC_OPTIMIZATION_LEVEL = 0;
				GCC_PREPROCESSOR_DEFINITIONS = (
					"DEBUG=1",
					"$(inherited)",
				);
				GCC_WARN_64_TO_32_BIT_CONVERSION = YES;
				GCC_WARN_ABOUT_RETURN_TYPE = YES_ERROR;
				GCC_WARN_UNDECLARED_SELECTOR = YES;
				GCC_WARN_UNINITIALIZED_AUTOS = YES_AGGRESSIVE;
				GCC_WARN_UNUSED_FUNCTION = YES;
				GCC_WARN_UNUSED_VARIABLE = YES;
				IPHONEOS_DEPLOYMENT_TARGET = 13.5;
				MTL_ENABLE_DEBUG_INFO = INCLUDE_SOURCE;
				MTL_FAST_MATH = YES;
				ONLY_ACTIVE_ARCH = YES;
				SDKROOT = iphoneos;
				SWIFT_ACTIVE_COMPILATION_CONDITIONS = DEBUG;
				SWIFT_OPTIMIZATION_LEVEL = "-Onone";
			};
			name = Debug;
		};
		EAFB8F5D248E91B2008BE894 /* Release */ = {
			isa = XCBuildConfiguration;
			buildSettings = {
				ALWAYS_SEARCH_USER_PATHS = NO;
				CLANG_ANALYZER_NONNULL = YES;
				CLANG_ANALYZER_NUMBER_OBJECT_CONVERSION = YES_AGGRESSIVE;
				CLANG_CXX_LANGUAGE_STANDARD = "gnu++14";
				CLANG_CXX_LIBRARY = "libc++";
				CLANG_ENABLE_MODULES = YES;
				CLANG_ENABLE_OBJC_ARC = YES;
				CLANG_ENABLE_OBJC_WEAK = YES;
				CLANG_WARN_BLOCK_CAPTURE_AUTORELEASING = YES;
				CLANG_WARN_BOOL_CONVERSION = YES;
				CLANG_WARN_COMMA = YES;
				CLANG_WARN_CONSTANT_CONVERSION = YES;
				CLANG_WARN_DEPRECATED_OBJC_IMPLEMENTATIONS = YES;
				CLANG_WARN_DIRECT_OBJC_ISA_USAGE = YES_ERROR;
				CLANG_WARN_DOCUMENTATION_COMMENTS = YES;
				CLANG_WARN_EMPTY_BODY = YES;
				CLANG_WARN_ENUM_CONVERSION = YES;
				CLANG_WARN_INFINITE_RECURSION = YES;
				CLANG_WARN_INT_CONVERSION = YES;
				CLANG_WARN_NON_LITERAL_NULL_CONVERSION = YES;
				CLANG_WARN_OBJC_IMPLICIT_RETAIN_SELF = YES;
				CLANG_WARN_OBJC_LITERAL_CONVERSION = YES;
				CLANG_WARN_OBJC_ROOT_CLASS = YES_ERROR;
				CLANG_WARN_RANGE_LOOP_ANALYSIS = YES;
				CLANG_WARN_STRICT_PROTOTYPES = YES;
				CLANG_WARN_SUSPICIOUS_MOVE = YES;
				CLANG_WARN_UNGUARDED_AVAILABILITY = YES_AGGRESSIVE;
				CLANG_WARN_UNREACHABLE_CODE = YES;
				CLANG_WARN__DUPLICATE_METHOD_MATCH = YES;
				COPY_PHASE_STRIP = NO;
				DEBUG_INFORMATION_FORMAT = "dwarf-with-dsym";
				ENABLE_NS_ASSERTIONS = NO;
				ENABLE_STRICT_OBJC_MSGSEND = YES;
				GCC_C_LANGUAGE_STANDARD = gnu11;
				GCC_NO_COMMON_BLOCKS = YES;
				GCC_WARN_64_TO_32_BIT_CONVERSION = YES;
				GCC_WARN_ABOUT_RETURN_TYPE = YES_ERROR;
				GCC_WARN_UNDECLARED_SELECTOR = YES;
				GCC_WARN_UNINITIALIZED_AUTOS = YES_AGGRESSIVE;
				GCC_WARN_UNUSED_FUNCTION = YES;
				GCC_WARN_UNUSED_VARIABLE = YES;
				IPHONEOS_DEPLOYMENT_TARGET = 13.5;
				MTL_ENABLE_DEBUG_INFO = NO;
				MTL_FAST_MATH = YES;
				SDKROOT = iphoneos;
				SWIFT_COMPILATION_MODE = wholemodule;
				SWIFT_OPTIMIZATION_LEVEL = "-O";
				VALIDATE_PRODUCT = YES;
			};
			name = Release;
		};
		EAFB8F5F248E91B2008BE894 /* Debug */ = {
			isa = XCBuildConfiguration;
			baseConfigurationReference = 25B0CFCC96C9AE6F2608FC96 /* Pods-Jog Tracker.debug.xcconfig */;
			buildSettings = {
				ASSETCATALOG_COMPILER_APPICON_NAME = AppIcon;
				CODE_SIGN_STYLE = Automatic;
				DEVELOPMENT_TEAM = 297646QN2B;
				INFOPLIST_FILE = "Jog Tracker/Info.plist";
				IPHONEOS_DEPLOYMENT_TARGET = 11.0;
				LD_RUNPATH_SEARCH_PATHS = (
					"$(inherited)",
					"@executable_path/Frameworks",
				);
				PRODUCT_BUNDLE_IDENTIFIER = "ilyabochkovib-gmail.com.Jog-Tracker";
				PRODUCT_NAME = "$(TARGET_NAME)";
				SWIFT_VERSION = 5.0;
				TARGETED_DEVICE_FAMILY = "1,2";
			};
			name = Debug;
		};
		EAFB8F60248E91B2008BE894 /* Release */ = {
			isa = XCBuildConfiguration;
			baseConfigurationReference = C05103ED1D26E120DD23844A /* Pods-Jog Tracker.release.xcconfig */;
			buildSettings = {
				ASSETCATALOG_COMPILER_APPICON_NAME = AppIcon;
				CODE_SIGN_STYLE = Automatic;
				DEVELOPMENT_TEAM = 297646QN2B;
				INFOPLIST_FILE = "Jog Tracker/Info.plist";
				IPHONEOS_DEPLOYMENT_TARGET = 11.0;
				LD_RUNPATH_SEARCH_PATHS = (
					"$(inherited)",
					"@executable_path/Frameworks",
				);
				PRODUCT_BUNDLE_IDENTIFIER = "ilyabochkovib-gmail.com.Jog-Tracker";
				PRODUCT_NAME = "$(TARGET_NAME)";
				SWIFT_VERSION = 5.0;
				TARGETED_DEVICE_FAMILY = "1,2";
			};
			name = Release;
		};
/* End XCBuildConfiguration section */

/* Begin XCConfigurationList section */
		EAFB8F45248E91AC008BE894 /* Build configuration list for PBXProject "Jog Tracker" */ = {
			isa = XCConfigurationList;
			buildConfigurations = (
				EAFB8F5C248E91B2008BE894 /* Debug */,
				EAFB8F5D248E91B2008BE894 /* Release */,
			);
			defaultConfigurationIsVisible = 0;
			defaultConfigurationName = Release;
		};
		EAFB8F5E248E91B2008BE894 /* Build configuration list for PBXNativeTarget "Jog Tracker" */ = {
			isa = XCConfigurationList;
			buildConfigurations = (
				EAFB8F5F248E91B2008BE894 /* Debug */,
				EAFB8F60248E91B2008BE894 /* Release */,
			);
			defaultConfigurationIsVisible = 0;
			defaultConfigurationName = Release;
		};
/* End XCConfigurationList section */
	};
	rootObject = EAFB8F42248E91AC008BE894 /* Project object */;
}
