// !$*UTF8*$!
{
	archiveVersion = 1;
	classes = {
	};
	objectVersion = 51;
	objects = {

/* Begin PBXBuildFile section */
		EA424CEA24A3ACBE001A5180 /* ApiDataManager.swift in Sources */ = {isa = PBXBuildFile; fileRef = EA424CE824A3ACBE001A5180 /* ApiDataManager.swift */; };
		EA424CEB24A3ACBE001A5180 /* ApiDataManagerErrors.swift in Sources */ = {isa = PBXBuildFile; fileRef = EA424CE924A3ACBE001A5180 /* ApiDataManagerErrors.swift */; };
		EA424CED24A3AD23001A5180 /* AuthenticationResponseMessage.swift in Sources */ = {isa = PBXBuildFile; fileRef = EA424CEC24A3AD23001A5180 /* AuthenticationResponseMessage.swift */; };
		EA424CF024A3C699001A5180 /* ViewControllerErrorAlertExtension.swift in Sources */ = {isa = PBXBuildFile; fileRef = EA424CEF24A3C699001A5180 /* ViewControllerErrorAlertExtension.swift */; };
		EA424CF324A3C92C001A5180 /* UpdatedJogApiMessage.swift in Sources */ = {isa = PBXBuildFile; fileRef = EA424CF224A3C92C001A5180 /* UpdatedJogApiMessage.swift */; };
		EA424CF524A3C95F001A5180 /* UpdatedJog.swift in Sources */ = {isa = PBXBuildFile; fileRef = EA424CF424A3C95F001A5180 /* UpdatedJog.swift */; };
		EA424CFA24A3D65F001A5180 /* AuthenticationResponse.swift in Sources */ = {isa = PBXBuildFile; fileRef = EA424CF924A3D65F001A5180 /* AuthenticationResponse.swift */; };
		EA424CFC24A3D8F8001A5180 /* FeedbackResponseMessage.swift in Sources */ = {isa = PBXBuildFile; fileRef = EA424CFB24A3D8F8001A5180 /* FeedbackResponseMessage.swift */; };
		EA6ABB62248FF26B00E59BFB /* SendFeedbackViewController.swift in Sources */ = {isa = PBXBuildFile; fileRef = EA6ABB60248FF26B00E59BFB /* SendFeedbackViewController.swift */; };
		EA6ABB66248FFB4D00E59BFB /* FeedbackService.swift in Sources */ = {isa = PBXBuildFile; fileRef = EA6ABB65248FFB4D00E59BFB /* FeedbackService.swift */; };
		EA6ABB7124901CF700E59BFB /* WeeklyReports .swift in Sources */ = {isa = PBXBuildFile; fileRef = EA6ABB7024901CF700E59BFB /* WeeklyReports .swift */; };
		EA6ABB7324901E0400E59BFB /* WeaklyReport.swift in Sources */ = {isa = PBXBuildFile; fileRef = EA6ABB7224901E0400E59BFB /* WeaklyReport.swift */; };
		EA6ABB7724902A6300E59BFB /* WeeklyReportViewController.swift in Sources */ = {isa = PBXBuildFile; fileRef = EA6ABB7524902A6300E59BFB /* WeeklyReportViewController.swift */; };
		EA6ABB7B24902A8800E59BFB /* WeeklyReportTableViewCell.swift in Sources */ = {isa = PBXBuildFile; fileRef = EA6ABB7924902A8800E59BFB /* WeeklyReportTableViewCell.swift */; };
		EA6ABB862490EC6E00E59BFB /* ReportFilter.swift in Sources */ = {isa = PBXBuildFile; fileRef = EA6ABB852490EC6E00E59BFB /* ReportFilter.swift */; };
		EA81B49C2493BBE900DA5D48 /* .gitignore in Resources */ = {isa = PBXBuildFile; fileRef = EA81B49B2493BBE900DA5D48 /* .gitignore */; };
		EAF36E1C24A649850080E25D /* ImageName.swift in Sources */ = {isa = PBXBuildFile; fileRef = EAF36E1B24A649840080E25D /* ImageName.swift */; };
		EAF36E1E24A64A610080E25D /* MenuViewController.swift in Sources */ = {isa = PBXBuildFile; fileRef = EAF36E1D24A64A610080E25D /* MenuViewController.swift */; };
		EAF36E2024A64A800080E25D /* InfoViewController.swift in Sources */ = {isa = PBXBuildFile; fileRef = EAF36E1F24A64A800080E25D /* InfoViewController.swift */; };
		EAF36E2224A64B1F0080E25D /* JogsViewController.swift in Sources */ = {isa = PBXBuildFile; fileRef = EAF36E2124A64B1F0080E25D /* JogsViewController.swift */; };
		EAF36E2424A64BE20080E25D /* JogViewControllerDelegate.swift in Sources */ = {isa = PBXBuildFile; fileRef = EAF36E2324A64BE20080E25D /* JogViewControllerDelegate.swift */; };
		EAF6E4F1248ECC560093FD16 /* Jog.swift in Sources */ = {isa = PBXBuildFile; fileRef = EAF6E4F0248ECC560093FD16 /* Jog.swift */; };
		EAF6E4F4248ECD2E0093FD16 /* JogsService.swift in Sources */ = {isa = PBXBuildFile; fileRef = EAF6E4F3248ECD2E0093FD16 /* JogsService.swift */; };
		EAF6E501248EE1100093FD16 /* JogsResponseMessage.swift in Sources */ = {isa = PBXBuildFile; fileRef = EAF6E500248EE1100093FD16 /* JogsResponseMessage.swift */; };
		EAF6E503248EE1AA0093FD16 /* JogsResponse.swift in Sources */ = {isa = PBXBuildFile; fileRef = EAF6E502248EE1AA0093FD16 /* JogsResponse.swift */; };
		EAF6E50B248EE8200093FD16 /* CustomTableViewCell.swift in Sources */ = {isa = PBXBuildFile; fileRef = EAF6E509248EE8200093FD16 /* CustomTableViewCell.swift */; };
		EAF6E511248F7E3E0093FD16 /* JogViewController.swift in Sources */ = {isa = PBXBuildFile; fileRef = EAF6E50F248F7E3E0093FD16 /* JogViewController.swift */; };
		EAF7F65024A4D8C70047A737 /* AuthenticationApiDataManager.swift in Sources */ = {isa = PBXBuildFile; fileRef = EAF7F64F24A4D8C70047A737 /* AuthenticationApiDataManager.swift */; };
		EAF7F65224A4D9CB0047A737 /* ApiRequest.swift in Sources */ = {isa = PBXBuildFile; fileRef = EAF7F65124A4D9CB0047A737 /* ApiRequest.swift */; };
		EAF7F65424A4E4320047A737 /* ApiKeys.swift in Sources */ = {isa = PBXBuildFile; fileRef = EAF7F65324A4E4320047A737 /* ApiKeys.swift */; };
		EAF7F65624A4E5190047A737 /* HTTPMethod.swift in Sources */ = {isa = PBXBuildFile; fileRef = EAF7F65524A4E5190047A737 /* HTTPMethod.swift */; };
		EAF7F65824A4E7360047A737 /* KeychainDataManager.swift in Sources */ = {isa = PBXBuildFile; fileRef = EAF7F65724A4E7360047A737 /* KeychainDataManager.swift */; };
		EAF7F65A24A4EDC60047A737 /* JogsApiDataManager.swift in Sources */ = {isa = PBXBuildFile; fileRef = EAF7F65924A4EDC60047A737 /* JogsApiDataManager.swift */; };
		EAF7F65C24A4F9820047A737 /* JogsCacheDataManager.swift in Sources */ = {isa = PBXBuildFile; fileRef = EAF7F65B24A4F9820047A737 /* JogsCacheDataManager.swift */; };
		EAF7F65E24A516D80047A737 /* FeedbackApiDataManager.swift in Sources */ = {isa = PBXBuildFile; fileRef = EAF7F65D24A516D80047A737 /* FeedbackApiDataManager.swift */; };
		EAF7F66A24A5E1AE0047A737 /* JogViewControllerDelegate.swift in Sources */ = {isa = PBXBuildFile; fileRef = EAF7F66924A5E1AE0047A737 /* JogViewControllerDelegate.swift */; };
		EAF7F66C24A5E8FC0047A737 /* ReportFilterSettingsViewControllerDelegate.swift in Sources */ = {isa = PBXBuildFile; fileRef = EAF7F66B24A5E8FC0047A737 /* ReportFilterSettingsViewControllerDelegate.swift */; };
		EAFB8F4E248E91AC008BE894 /* AppDelegate.swift in Sources */ = {isa = PBXBuildFile; fileRef = EAFB8F4D248E91AC008BE894 /* AppDelegate.swift */; };
		EAFB8F57248E91B2008BE894 /* Assets.xcassets in Resources */ = {isa = PBXBuildFile; fileRef = EAFB8F56248E91B2008BE894 /* Assets.xcassets */; };
		EAFB8F5A248E91B2008BE894 /* LaunchScreen.storyboard in Resources */ = {isa = PBXBuildFile; fileRef = EAFB8F58248E91B2008BE894 /* LaunchScreen.storyboard */; };
		EAFB8F63248E9773008BE894 /* AuthenticationViewController.swift in Sources */ = {isa = PBXBuildFile; fileRef = EAFB8F61248E9773008BE894 /* AuthenticationViewController.swift */; };
		EAFB8F69248E97EF008BE894 /* AuthenticationService.swift in Sources */ = {isa = PBXBuildFile; fileRef = EAFB8F68248E97EF008BE894 /* AuthenticationService.swift */; };
/* End PBXBuildFile section */

/* Begin PBXFileReference section */
		25B0CFCC96C9AE6F2608FC96 /* Pods-Jog Tracker.debug.xcconfig */ = {isa = PBXFileReference; includeInIndex = 1; lastKnownFileType = text.xcconfig; name = "Pods-Jog Tracker.debug.xcconfig"; path = "Target Support Files/Pods-Jog Tracker/Pods-Jog Tracker.debug.xcconfig"; sourceTree = "<group>"; };
		C05103ED1D26E120DD23844A /* Pods-Jog Tracker.release.xcconfig */ = {isa = PBXFileReference; includeInIndex = 1; lastKnownFileType = text.xcconfig; name = "Pods-Jog Tracker.release.xcconfig"; path = "Target Support Files/Pods-Jog Tracker/Pods-Jog Tracker.release.xcconfig"; sourceTree = "<group>"; };
		EA424CE824A3ACBE001A5180 /* ApiDataManager.swift */ = {isa = PBXFileReference; fileEncoding = 4; lastKnownFileType = sourcecode.swift; path = ApiDataManager.swift; sourceTree = "<group>"; };
		EA424CE924A3ACBE001A5180 /* ApiDataManagerErrors.swift */ = {isa = PBXFileReference; fileEncoding = 4; lastKnownFileType = sourcecode.swift; path = ApiDataManagerErrors.swift; sourceTree = "<group>"; };
		EA424CEC24A3AD23001A5180 /* AuthenticationResponseMessage.swift */ = {isa = PBXFileReference; lastKnownFileType = sourcecode.swift; path = AuthenticationResponseMessage.swift; sourceTree = "<group>"; };
		EA424CEF24A3C699001A5180 /* ViewControllerErrorAlertExtension.swift */ = {isa = PBXFileReference; lastKnownFileType = sourcecode.swift; path = ViewControllerErrorAlertExtension.swift; sourceTree = "<group>"; };
		EA424CF224A3C92C001A5180 /* UpdatedJogApiMessage.swift */ = {isa = PBXFileReference; lastKnownFileType = sourcecode.swift; path = UpdatedJogApiMessage.swift; sourceTree = "<group>"; };
		EA424CF424A3C95F001A5180 /* UpdatedJog.swift */ = {isa = PBXFileReference; lastKnownFileType = sourcecode.swift; path = UpdatedJog.swift; sourceTree = "<group>"; };
		EA424CF924A3D65F001A5180 /* AuthenticationResponse.swift */ = {isa = PBXFileReference; lastKnownFileType = sourcecode.swift; path = AuthenticationResponse.swift; sourceTree = "<group>"; };
		EA424CFB24A3D8F8001A5180 /* FeedbackResponseMessage.swift */ = {isa = PBXFileReference; lastKnownFileType = sourcecode.swift; path = FeedbackResponseMessage.swift; sourceTree = "<group>"; };
		EA6ABB5C248FEC3300E59BFB /* LeftMenuViewController.swift */ = {isa = PBXFileReference; lastKnownFileType = sourcecode.swift; path = LeftMenuViewController.swift; sourceTree = "<group>"; };
		EA6ABB60248FF26B00E59BFB /* SendFeedbackViewController.swift */ = {isa = PBXFileReference; lastKnownFileType = sourcecode.swift; path = SendFeedbackViewController.swift; sourceTree = "<group>"; };
		EA6ABB65248FFB4D00E59BFB /* FeedbackService.swift */ = {isa = PBXFileReference; lastKnownFileType = sourcecode.swift; path = FeedbackService.swift; sourceTree = "<group>"; };
		EA6ABB7024901CF700E59BFB /* WeeklyReports .swift */ = {isa = PBXFileReference; lastKnownFileType = sourcecode.swift; path = "WeeklyReports .swift"; sourceTree = "<group>"; };
		EA6ABB7224901E0400E59BFB /* WeaklyReport.swift */ = {isa = PBXFileReference; lastKnownFileType = sourcecode.swift; path = WeaklyReport.swift; sourceTree = "<group>"; };
		EA6ABB7524902A6300E59BFB /* WeeklyReportViewController.swift */ = {isa = PBXFileReference; lastKnownFileType = sourcecode.swift; path = WeeklyReportViewController.swift; sourceTree = "<group>"; };
		EA6ABB7924902A8800E59BFB /* WeeklyReportTableViewCell.swift */ = {isa = PBXFileReference; lastKnownFileType = sourcecode.swift; path = WeeklyReportTableViewCell.swift; sourceTree = "<group>"; };
		EA6ABB852490EC6E00E59BFB /* ReportFilter.swift */ = {isa = PBXFileReference; lastKnownFileType = sourcecode.swift; path = ReportFilter.swift; sourceTree = "<group>"; };
		EA81B49B2493BBE900DA5D48 /* .gitignore */ = {isa = PBXFileReference; lastKnownFileType = text; path = .gitignore; sourceTree = "<group>"; };
		EAF36E1B24A649840080E25D /* ImageName.swift */ = {isa = PBXFileReference; fileEncoding = 4; lastKnownFileType = sourcecode.swift; path = ImageName.swift; sourceTree = "<group>"; };
		EAF36E1D24A64A610080E25D /* MenuViewController.swift */ = {isa = PBXFileReference; fileEncoding = 4; lastKnownFileType = sourcecode.swift; path = MenuViewController.swift; sourceTree = "<group>"; };
		EAF36E1F24A64A800080E25D /* InfoViewController.swift */ = {isa = PBXFileReference; fileEncoding = 4; lastKnownFileType = sourcecode.swift; path = InfoViewController.swift; sourceTree = "<group>"; };
		EAF36E2124A64B1F0080E25D /* JogsViewController.swift */ = {isa = PBXFileReference; fileEncoding = 4; lastKnownFileType = sourcecode.swift; path = JogsViewController.swift; sourceTree = "<group>"; };
		EAF36E2324A64BE20080E25D /* JogViewControllerDelegate.swift */ = {isa = PBXFileReference; fileEncoding = 4; lastKnownFileType = sourcecode.swift; path = JogViewControllerDelegate.swift; sourceTree = "<group>"; };
		EAF6E4F0248ECC560093FD16 /* Jog.swift */ = {isa = PBXFileReference; lastKnownFileType = sourcecode.swift; path = Jog.swift; sourceTree = "<group>"; };
		EAF6E4F3248ECD2E0093FD16 /* JogsService.swift */ = {isa = PBXFileReference; lastKnownFileType = sourcecode.swift; path = JogsService.swift; sourceTree = "<group>"; };
		EAF6E500248EE1100093FD16 /* JogsResponseMessage.swift */ = {isa = PBXFileReference; lastKnownFileType = sourcecode.swift; path = JogsResponseMessage.swift; sourceTree = "<group>"; };
		EAF6E502248EE1AA0093FD16 /* JogsResponse.swift */ = {isa = PBXFileReference; lastKnownFileType = sourcecode.swift; path = JogsResponse.swift; sourceTree = "<group>"; };
		EAF6E509248EE8200093FD16 /* CustomTableViewCell.swift */ = {isa = PBXFileReference; lastKnownFileType = sourcecode.swift; path = CustomTableViewCell.swift; sourceTree = "<group>"; };
		EAF6E50F248F7E3E0093FD16 /* JogViewController.swift */ = {isa = PBXFileReference; lastKnownFileType = sourcecode.swift; path = JogViewController.swift; sourceTree = "<group>"; };
		EAF7F64F24A4D8C70047A737 /* AuthenticationApiDataManager.swift */ = {isa = PBXFileReference; lastKnownFileType = sourcecode.swift; path = AuthenticationApiDataManager.swift; sourceTree = "<group>"; };
		EAF7F65124A4D9CB0047A737 /* ApiRequest.swift */ = {isa = PBXFileReference; lastKnownFileType = sourcecode.swift; path = ApiRequest.swift; sourceTree = "<group>"; };
		EAF7F65324A4E4320047A737 /* ApiKeys.swift */ = {isa = PBXFileReference; lastKnownFileType = sourcecode.swift; path = ApiKeys.swift; sourceTree = "<group>"; };
		EAF7F65524A4E5190047A737 /* HTTPMethod.swift */ = {isa = PBXFileReference; lastKnownFileType = sourcecode.swift; path = HTTPMethod.swift; sourceTree = "<group>"; };
		EAF7F65724A4E7360047A737 /* KeychainDataManager.swift */ = {isa = PBXFileReference; lastKnownFileType = sourcecode.swift; path = KeychainDataManager.swift; sourceTree = "<group>"; };
		EAF7F65924A4EDC60047A737 /* JogsApiDataManager.swift */ = {isa = PBXFileReference; lastKnownFileType = sourcecode.swift; path = JogsApiDataManager.swift; sourceTree = "<group>"; };
		EAF7F65B24A4F9820047A737 /* JogsCacheDataManager.swift */ = {isa = PBXFileReference; lastKnownFileType = sourcecode.swift; path = JogsCacheDataManager.swift; sourceTree = "<group>"; };
		EAF7F65D24A516D80047A737 /* FeedbackApiDataManager.swift */ = {isa = PBXFileReference; lastKnownFileType = sourcecode.swift; path = FeedbackApiDataManager.swift; sourceTree = "<group>"; };
		EAF7F66924A5E1AE0047A737 /* JogViewControllerDelegate.swift */ = {isa = PBXFileReference; lastKnownFileType = sourcecode.swift; path = JogViewControllerDelegate.swift; sourceTree = "<group>"; };
		EAF7F66B24A5E8FC0047A737 /* ReportFilterSettingsViewControllerDelegate.swift */ = {isa = PBXFileReference; lastKnownFileType = sourcecode.swift; path = ReportFilterSettingsViewControllerDelegate.swift; sourceTree = "<group>"; };
		EAFB8F4A248E91AC008BE894 /* Jog Tracker.app */ = {isa = PBXFileReference; explicitFileType = wrapper.application; includeInIndex = 0; path = "Jog Tracker.app"; sourceTree = BUILT_PRODUCTS_DIR; };
		EAFB8F4D248E91AC008BE894 /* AppDelegate.swift */ = {isa = PBXFileReference; lastKnownFileType = sourcecode.swift; path = AppDelegate.swift; sourceTree = "<group>"; };
		EAFB8F56248E91B2008BE894 /* Assets.xcassets */ = {isa = PBXFileReference; lastKnownFileType = folder.assetcatalog; path = Assets.xcassets; sourceTree = "<group>"; };
		EAFB8F59248E91B2008BE894 /* Base */ = {isa = PBXFileReference; lastKnownFileType = file.storyboard; name = Base; path = Base.lproj/LaunchScreen.storyboard; sourceTree = "<group>"; };
		EAFB8F5B248E91B2008BE894 /* Info.plist */ = {isa = PBXFileReference; lastKnownFileType = text.plist.xml; path = Info.plist; sourceTree = "<group>"; };
		EAFB8F61248E9773008BE894 /* AuthenticationViewController.swift */ = {isa = PBXFileReference; lastKnownFileType = sourcecode.swift; path = AuthenticationViewController.swift; sourceTree = "<group>"; };
		EAFB8F68248E97EF008BE894 /* AuthenticationService.swift */ = {isa = PBXFileReference; lastKnownFileType = sourcecode.swift; path = AuthenticationService.swift; sourceTree = "<group>"; };
/* End PBXFileReference section */

/* Begin PBXFrameworksBuildPhase section */
		EAFB8F47248E91AC008BE894 /* Frameworks */ = {
			isa = PBXFrameworksBuildPhase;
			buildActionMask = 2147483647;
			files = (
			);
			runOnlyForDeploymentPostprocessing = 0;
		};
/* End PBXFrameworksBuildPhase section */

/* Begin PBXGroup section */
		4F270808216391446997ED2C /* Pods */ = {
			isa = PBXGroup;
			children = (
				25B0CFCC96C9AE6F2608FC96 /* Pods-Jog Tracker.debug.xcconfig */,
				C05103ED1D26E120DD23844A /* Pods-Jog Tracker.release.xcconfig */,
			);
			path = Pods;
			sourceTree = "<group>";
		};
		60F36FA8818D09653140D0A6 /* Frameworks */ = {
			isa = PBXGroup;
			children = (
			);
			name = Frameworks;
			sourceTree = "<group>";
		};
		EA424CEE24A3BFC2001A5180 /* ApiDataManager */ = {
			isa = PBXGroup;
			children = (
				EA424CE824A3ACBE001A5180 /* ApiDataManager.swift */,
				EAF7F65124A4D9CB0047A737 /* ApiRequest.swift */,
				EA424CE924A3ACBE001A5180 /* ApiDataManagerErrors.swift */,
				EAF7F65324A4E4320047A737 /* ApiKeys.swift */,
				EAF7F65524A4E5190047A737 /* HTTPMethod.swift */,
			);
			path = ApiDataManager;
			sourceTree = "<group>";
		};
		EA424CF124A3C8FA001A5180 /* UpdatedJogResponseMessage */ = {
			isa = PBXGroup;
			children = (
				EA424CF224A3C92C001A5180 /* UpdatedJogApiMessage.swift */,
				EA424CF424A3C95F001A5180 /* UpdatedJog.swift */,
			);
			path = UpdatedJogResponseMessage;
			sourceTree = "<group>";
		};
		EA424CF824A3D64D001A5180 /* AuthenticationResponseMessage */ = {
			isa = PBXGroup;
			children = (
				EA424CEC24A3AD23001A5180 /* AuthenticationResponseMessage.swift */,
				EA424CF924A3D65F001A5180 /* AuthenticationResponse.swift */,
			);
			path = AuthenticationResponseMessage;
			sourceTree = "<group>";
		};
		EA6ABB64248FFB2A00E59BFB /* Feedback */ = {
			isa = PBXGroup;
			children = (
				EA6ABB65248FFB4D00E59BFB /* FeedbackService.swift */,
				EAF7F65D24A516D80047A737 /* FeedbackApiDataManager.swift */,
				EA424CFB24A3D8F8001A5180 /* FeedbackResponseMessage.swift */,
			);
			path = Feedback;
			sourceTree = "<group>";
		};
		EA6ABB74249028EC00E59BFB /* WeeklyReport */ = {
			isa = PBXGroup;
			children = (
				EA6ABB7024901CF700E59BFB /* WeeklyReports .swift */,
				EA6ABB7224901E0400E59BFB /* WeaklyReport.swift */,
				EA6ABB852490EC6E00E59BFB /* ReportFilter.swift */,
			);
			path = WeeklyReport;
			sourceTree = "<group>";
		};
		EA6ABB7D249033C300E59BFB /* WeeklyReportTableViewCell */ = {
			isa = PBXGroup;
			children = (
				EA6ABB7924902A8800E59BFB /* WeeklyReportTableViewCell.swift */,
			);
			path = WeeklyReportTableViewCell;
			sourceTree = "<group>";
		};
		EA6ABB7E249033D700E59BFB /* CustomTableViewCell */ = {
			isa = PBXGroup;
			children = (
				EAF6E509248EE8200093FD16 /* CustomTableViewCell.swift */,
			);
			path = CustomTableViewCell;
			sourceTree = "<group>";
		};
		EAF36E1A24A648FD0080E25D /* Recovered References */ = {
			isa = PBXGroup;
			children = (
				EA6ABB5C248FEC3300E59BFB /* LeftMenuViewController.swift */,
			);
			name = "Recovered References";
			sourceTree = "<group>";
		};
		EAF6E4ED248EB4540093FD16 /* Application */ = {
			isa = PBXGroup;
			children = (
				EAFB8F4D248E91AC008BE894 /* AppDelegate.swift */,
				EAFB8F58248E91B2008BE894 /* LaunchScreen.storyboard */,
			);
			path = Application;
			sourceTree = "<group>";
		};
		EAF6E4EE248EB4640093FD16 /* View Controllers */ = {
			isa = PBXGroup;
			children = (
				EAF36E1B24A649840080E25D /* ImageName.swift */,
				EAF36E2124A64B1F0080E25D /* JogsViewController.swift */,
				EAF6E50F248F7E3E0093FD16 /* JogViewController.swift */,
				EAF7F66924A5E1AE0047A737 /* JogViewControllerDelegate.swift */,
				EAFB8F61248E9773008BE894 /* AuthenticationViewController.swift */,
				EAF36E1F24A64A800080E25D /* InfoViewController.swift */,
				EAF36E2324A64BE20080E25D /* JogViewControllerDelegate.swift */,
				EA6ABB60248FF26B00E59BFB /* SendFeedbackViewController.swift */,
				EAF36E1D24A64A610080E25D /* MenuViewController.swift */,
				EA6ABB7524902A6300E59BFB /* WeeklyReportViewController.swift */,
				EAF7F66B24A5E8FC0047A737 /* ReportFilterSettingsViewControllerDelegate.swift */,
				EA424CEF24A3C699001A5180 /* ViewControllerErrorAlertExtension.swift */,
			);
			path = "View Controllers";
			sourceTree = "<group>";
		};
		EAF6E4EF248EB4750093FD16 /* View */ = {
			isa = PBXGroup;
			children = (
				EA6ABB7D249033C300E59BFB /* WeeklyReportTableViewCell */,
				EA6ABB7E249033D700E59BFB /* CustomTableViewCell */,
			);
			path = View;
			sourceTree = "<group>";
		};
		EAF6E4F2248ECD1C0093FD16 /* Jogs */ = {
			isa = PBXGroup;
			children = (
				EAF6E4F3248ECD2E0093FD16 /* JogsService.swift */,
				EAF7F65B24A4F9820047A737 /* JogsCacheDataManager.swift */,
				EAF7F65924A4EDC60047A737 /* JogsApiDataManager.swift */,
				EA424CF124A3C8FA001A5180 /* UpdatedJogResponseMessage */,
				EAF6E504248EE1F20093FD16 /* JogsResponseMessage */,
			);
			path = Jogs;
			sourceTree = "<group>";
		};
		EAF6E504248EE1F20093FD16 /* JogsResponseMessage */ = {
			isa = PBXGroup;
			children = (
				EAF6E4F0248ECC560093FD16 /* Jog.swift */,
				EAF6E500248EE1100093FD16 /* JogsResponseMessage.swift */,
				EAF6E502248EE1AA0093FD16 /* JogsResponse.swift */,
			);
			path = JogsResponseMessage;
			sourceTree = "<group>";
		};
		EAFB8F41248E91AC008BE894 = {
			isa = PBXGroup;
			children = (
				EA81B49B2493BBE900DA5D48 /* .gitignore */,
				EAFB8F4C248E91AC008BE894 /* Jog Tracker */,
				EAFB8F4B248E91AC008BE894 /* Products */,
				4F270808216391446997ED2C /* Pods */,
				60F36FA8818D09653140D0A6 /* Frameworks */,
				EAF36E1A24A648FD0080E25D /* Recovered References */,
			);
			sourceTree = "<group>";
		};
		EAFB8F4B248E91AC008BE894 /* Products */ = {
			isa = PBXGroup;
			children = (
				EAFB8F4A248E91AC008BE894 /* Jog Tracker.app */,
			);
			name = Products;
			sourceTree = "<group>";
		};
		EAFB8F4C248E91AC008BE894 /* Jog Tracker */ = {
			isa = PBXGroup;
			children = (
				EAF6E4ED248EB4540093FD16 /* Application */,
				EAFB8F6A248E97F8008BE894 /* Model */,
				EAF6E4EF248EB4750093FD16 /* View */,
				EAF6E4EE248EB4640093FD16 /* View Controllers */,
				EAFB8F56248E91B2008BE894 /* Assets.xcassets */,
				EAFB8F5B248E91B2008BE894 /* Info.plist */,
			);
			path = "Jog Tracker";
			sourceTree = "<group>";
		};
		EAFB8F6A248E97F8008BE894 /* Model */ = {
			isa = PBXGroup;
			children = (
				EA6ABB74249028EC00E59BFB /* WeeklyReport */,
				EA6ABB64248FFB2A00E59BFB /* Feedback */,
				EAF6E4F2248ECD1C0093FD16 /* Jogs */,
				EAFB8F6B248E981E008BE894 /* AuthenticationService */,
				EA424CEE24A3BFC2001A5180 /* ApiDataManager */,
			);
			path = Model;
			sourceTree = "<group>";
		};
		EAFB8F6B248E981E008BE894 /* AuthenticationService */ = {
			isa = PBXGroup;
			children = (
				EAFB8F68248E97EF008BE894 /* AuthenticationService.swift */,
				EAF7F65724A4E7360047A737 /* KeychainDataManager.swift */,
				EAF7F64F24A4D8C70047A737 /* AuthenticationApiDataManager.swift */,
				EA424CF824A3D64D001A5180 /* AuthenticationResponseMessage */,
			);
			path = AuthenticationService;
			sourceTree = "<group>";
		};
/* End PBXGroup section */

/* Begin PBXNativeTarget section */
		EAFB8F49248E91AC008BE894 /* Jog Tracker */ = {
			isa = PBXNativeTarget;
			buildConfigurationList = EAFB8F5E248E91B2008BE894 /* Build configuration list for PBXNativeTarget "Jog Tracker" */;
			buildPhases = (
				365BC163456BFCF67A4F14B2 /* [CP] Check Pods Manifest.lock */,
				EAFB8F46248E91AC008BE894 /* Sources */,
				EAFB8F47248E91AC008BE894 /* Frameworks */,
				EAFB8F48248E91AC008BE894 /* Resources */,
				16ACF89DB1A464099D69A2A5 /* [CP] Embed Pods Frameworks */,
			);
			buildRules = (
			);
			dependencies = (
			);
			name = "Jog Tracker";
			productName = "Jog Tracker";
			productReference = EAFB8F4A248E91AC008BE894 /* Jog Tracker.app */;
			productType = "com.apple.product-type.application";
		};
/* End PBXNativeTarget section */

/* Begin PBXProject section */
		EAFB8F42248E91AC008BE894 /* Project object */ = {
			isa = PBXProject;
			attributes = {
				LastSwiftUpdateCheck = 1150;
				LastUpgradeCheck = 1150;
				ORGANIZATIONNAME = "Илья Бочков ";
				TargetAttributes = {
					EAFB8F49248E91AC008BE894 = {
						CreatedOnToolsVersion = 11.5;
					};
				};
			};
			buildConfigurationList = EAFB8F45248E91AC008BE894 /* Build configuration list for PBXProject "Jog Tracker" */;
			compatibilityVersion = "Xcode 9.3";
			developmentRegion = en;
			hasScannedForEncodings = 0;
			knownRegions = (
				en,
				Base,
			);
			mainGroup = EAFB8F41248E91AC008BE894;
			productRefGroup = EAFB8F4B248E91AC008BE894 /* Products */;
			projectDirPath = "";
			projectRoot = "";
			targets = (
				EAFB8F49248E91AC008BE894 /* Jog Tracker */,
			);
		};
/* End PBXProject section */

/* Begin PBXResourcesBuildPhase section */
		EAFB8F48248E91AC008BE894 /* Resources */ = {
			isa = PBXResourcesBuildPhase;
			buildActionMask = 2147483647;
			files = (
				EAFB8F5A248E91B2008BE894 /* LaunchScreen.storyboard in Resources */,
				EA81B49C2493BBE900DA5D48 /* .gitignore in Resources */,
				EAFB8F57248E91B2008BE894 /* Assets.xcassets in Resources */,
			);
			runOnlyForDeploymentPostprocessing = 0;
		};
/* End PBXResourcesBuildPhase section */

/* Begin PBXShellScriptBuildPhase section */
		16ACF89DB1A464099D69A2A5 /* [CP] Embed Pods Frameworks */ = {
			isa = PBXShellScriptBuildPhase;
			buildActionMask = 2147483647;
			files = (
			);
			inputFileListPaths = (
				"${PODS_ROOT}/Target Support Files/Pods-Jog Tracker/Pods-Jog Tracker-frameworks-${CONFIGURATION}-input-files.xcfilelist",
			);
			name = "[CP] Embed Pods Frameworks";
			outputFileListPaths = (
				"${PODS_ROOT}/Target Support Files/Pods-Jog Tracker/Pods-Jog Tracker-frameworks-${CONFIGURATION}-output-files.xcfilelist",
			);
			runOnlyForDeploymentPostprocessing = 0;
			shellPath = /bin/sh;
			shellScript = "\"${PODS_ROOT}/Target Support Files/Pods-Jog Tracker/Pods-Jog Tracker-frameworks.sh\"\n";
			showEnvVarsInLog = 0;
		};
		365BC163456BFCF67A4F14B2 /* [CP] Check Pods Manifest.lock */ = {
			isa = PBXShellScriptBuildPhase;
			buildActionMask = 2147483647;
			files = (
			);
			inputFileListPaths = (
			);
			inputPaths = (
				"${PODS_PODFILE_DIR_PATH}/Podfile.lock",
				"${PODS_ROOT}/Manifest.lock",
			);
			name = "[CP] Check Pods Manifest.lock";
			outputFileListPaths = (
			);
			outputPaths = (
				"$(DERIVED_FILE_DIR)/Pods-Jog Tracker-checkManifestLockResult.txt",
			);
			runOnlyForDeploymentPostprocessing = 0;
			shellPath = /bin/sh;
			shellScript = "diff \"${PODS_PODFILE_DIR_PATH}/Podfile.lock\" \"${PODS_ROOT}/Manifest.lock\" > /dev/null\nif [ $? != 0 ] ; then\n    # print error to STDERR\n    echo \"error: The sandbox is not in sync with the Podfile.lock. Run 'pod install' or update your CocoaPods installation.\" >&2\n    exit 1\nfi\n# This output is used by Xcode 'outputs' to avoid re-running this script phase.\necho \"SUCCESS\" > \"${SCRIPT_OUTPUT_FILE_0}\"\n";
			showEnvVarsInLog = 0;
		};
/* End PBXShellScriptBuildPhase section */

/* Begin PBXSourcesBuildPhase section */
		EAFB8F46248E91AC008BE894 /* Sources */ = {
			isa = PBXSourcesBuildPhase;
			buildActionMask = 2147483647;
			files = (
				EA6ABB7B24902A8800E59BFB /* WeeklyReportTableViewCell.swift in Sources */,
				EAF36E2424A64BE20080E25D /* JogViewControllerDelegate.swift in Sources */,
				EAF7F65C24A4F9820047A737 /* JogsCacheDataManager.swift in Sources */,
				EAF7F66C24A5E8FC0047A737 /* ReportFilterSettingsViewControllerDelegate.swift in Sources */,
				EAF7F65424A4E4320047A737 /* ApiKeys.swift in Sources */,
				EAF7F65024A4D8C70047A737 /* AuthenticationApiDataManager.swift in Sources */,
				EAF6E503248EE1AA0093FD16 /* JogsResponse.swift in Sources */,
				EA6ABB66248FFB4D00E59BFB /* FeedbackService.swift in Sources */,
				EA6ABB7324901E0400E59BFB /* WeaklyReport.swift in Sources */,
				EAF7F65624A4E5190047A737 /* HTTPMethod.swift in Sources */,
				EAF7F65824A4E7360047A737 /* KeychainDataManager.swift in Sources */,
				EA6ABB62248FF26B00E59BFB /* SendFeedbackViewController.swift in Sources */,
				EA6ABB7124901CF700E59BFB /* WeeklyReports .swift in Sources */,
				EA6ABB7724902A6300E59BFB /* WeeklyReportViewController.swift in Sources */,
				EA6ABB862490EC6E00E59BFB /* ReportFilter.swift in Sources */,
				EA424CEB24A3ACBE001A5180 /* ApiDataManagerErrors.swift in Sources */,
				EA424CFC24A3D8F8001A5180 /* FeedbackResponseMessage.swift in Sources */,
				EAF36E1C24A649850080E25D /* ImageName.swift in Sources */,
				EAF6E50B248EE8200093FD16 /* CustomTableViewCell.swift in Sources */,
				EAFB8F63248E9773008BE894 /* AuthenticationViewController.swift in Sources */,
				EA424CF324A3C92C001A5180 /* UpdatedJogApiMessage.swift in Sources */,
				EAF6E4F1248ECC560093FD16 /* Jog.swift in Sources */,
				EAF6E511248F7E3E0093FD16 /* JogViewController.swift in Sources */,
				EAF36E2024A64A800080E25D /* InfoViewController.swift in Sources */,
				EAF7F66A24A5E1AE0047A737 /* JogViewControllerDelegate.swift in Sources */,
				EAFB8F4E248E91AC008BE894 /* AppDelegate.swift in Sources */,
				EA424CF524A3C95F001A5180 /* UpdatedJog.swift in Sources */,
				EAF6E4F4248ECD2E0093FD16 /* JogsService.swift in Sources */,
				EA424CED24A3AD23001A5180 /* AuthenticationResponseMessage.swift in Sources */,
				EAF7F65A24A4EDC60047A737 /* JogsApiDataManager.swift in Sources */,
				EAF6E501248EE1100093FD16 /* JogsResponseMessage.swift in Sources */,
				EAF7F65E24A516D80047A737 /* FeedbackApiDataManager.swift in Sources */,
				EA424CEA24A3ACBE001A5180 /* ApiDataManager.swift in Sources */,
				EAF36E1E24A64A610080E25D /* MenuViewController.swift in Sources */,
				EA424CF024A3C699001A5180 /* ViewControllerErrorAlertExtension.swift in Sources */,
				EAFB8F69248E97EF008BE894 /* AuthenticationService.swift in Sources */,
				EAF36E2224A64B1F0080E25D /* JogsViewController.swift in Sources */,
				EA424CFA24A3D65F001A5180 /* AuthenticationResponse.swift in Sources */,
				EAF7F65224A4D9CB0047A737 /* ApiRequest.swift in Sources */,
			);
			runOnlyForDeploymentPostprocessing = 0;
		};
/* End PBXSourcesBuildPhase section */

/* Begin PBXVariantGroup section */
		EAFB8F58248E91B2008BE894 /* LaunchScreen.storyboard */ = {
			isa = PBXVariantGroup;
			children = (
				EAFB8F59248E91B2008BE894 /* Base */,
			);
			name = LaunchScreen.storyboard;
			sourceTree = "<group>";
		};
/* End PBXVariantGroup section */

/* Begin XCBuildConfiguration section */
		EAFB8F5C248E91B2008BE894 /* Debug */ = {
			isa = XCBuildConfiguration;
			buildSettings = {
				ALWAYS_SEARCH_USER_PATHS = NO;
				CLANG_ANALYZER_NONNULL = YES;
				CLANG_ANALYZER_NUMBER_OBJECT_CONVERSION = YES_AGGRESSIVE;
				CLANG_CXX_LANGUAGE_STANDARD = "gnu++14";
				CLANG_CXX_LIBRARY = "libc++";
				CLANG_ENABLE_MODULES = YES;
				CLANG_ENABLE_OBJC_ARC = YES;
				CLANG_ENABLE_OBJC_WEAK = YES;
				CLANG_WARN_BLOCK_CAPTURE_AUTORELEASING = YES;
				CLANG_WARN_BOOL_CONVERSION = YES;
				CLANG_WARN_COMMA = YES;
				CLANG_WARN_CONSTANT_CONVERSION = YES;
				CLANG_WARN_DEPRECATED_OBJC_IMPLEMENTATIONS = YES;
				CLANG_WARN_DIRECT_OBJC_ISA_USAGE = YES_ERROR;
				CLANG_WARN_DOCUMENTATION_COMMENTS = YES;
				CLANG_WARN_EMPTY_BODY = YES;
				CLANG_WARN_ENUM_CONVERSION = YES;
				CLANG_WARN_INFINITE_RECURSION = YES;
				CLANG_WARN_INT_CONVERSION = YES;
				CLANG_WARN_NON_LITERAL_NULL_CONVERSION = YES;
				CLANG_WARN_OBJC_IMPLICIT_RETAIN_SELF = YES;
				CLANG_WARN_OBJC_LITERAL_CONVERSION = YES;
				CLANG_WARN_OBJC_ROOT_CLASS = YES_ERROR;
				CLANG_WARN_RANGE_LOOP_ANALYSIS = YES;
				CLANG_WARN_STRICT_PROTOTYPES = YES;
				CLANG_WARN_SUSPICIOUS_MOVE = YES;
				CLANG_WARN_UNGUARDED_AVAILABILITY = YES_AGGRESSIVE;
				CLANG_WARN_UNREACHABLE_CODE = YES;
				CLANG_WARN__DUPLICATE_METHOD_MATCH = YES;
				COPY_PHASE_STRIP = NO;
				DEBUG_INFORMATION_FORMAT = dwarf;
				ENABLE_STRICT_OBJC_MSGSEND = YES;
				ENABLE_TESTABILITY = YES;
				GCC_C_LANGUAGE_STANDARD = gnu11;
				GCC_DYNAMIC_NO_PIC = NO;
				GCC_NO_COMMON_BLOCKS = YES;
				GCC_OPTIMIZATION_LEVEL = 0;
				GCC_PREPROCESSOR_DEFINITIONS = (
					"DEBUG=1",
					"$(inherited)",
				);
				GCC_WARN_64_TO_32_BIT_CONVERSION = YES;
				GCC_WARN_ABOUT_RETURN_TYPE = YES_ERROR;
				GCC_WARN_UNDECLARED_SELECTOR = YES;
				GCC_WARN_UNINITIALIZED_AUTOS = YES_AGGRESSIVE;
				GCC_WARN_UNUSED_FUNCTION = YES;
				GCC_WARN_UNUSED_VARIABLE = YES;
				IPHONEOS_DEPLOYMENT_TARGET = 13.5;
				MTL_ENABLE_DEBUG_INFO = INCLUDE_SOURCE;
				MTL_FAST_MATH = YES;
				ONLY_ACTIVE_ARCH = YES;
				SDKROOT = iphoneos;
				SWIFT_ACTIVE_COMPILATION_CONDITIONS = DEBUG;
				SWIFT_OPTIMIZATION_LEVEL = "-Onone";
			};
			name = Debug;
		};
		EAFB8F5D248E91B2008BE894 /* Release */ = {
			isa = XCBuildConfiguration;
			buildSettings = {
				ALWAYS_SEARCH_USER_PATHS = NO;
				CLANG_ANALYZER_NONNULL = YES;
				CLANG_ANALYZER_NUMBER_OBJECT_CONVERSION = YES_AGGRESSIVE;
				CLANG_CXX_LANGUAGE_STANDARD = "gnu++14";
				CLANG_CXX_LIBRARY = "libc++";
				CLANG_ENABLE_MODULES = YES;
				CLANG_ENABLE_OBJC_ARC = YES;
				CLANG_ENABLE_OBJC_WEAK = YES;
				CLANG_WARN_BLOCK_CAPTURE_AUTORELEASING = YES;
				CLANG_WARN_BOOL_CONVERSION = YES;
				CLANG_WARN_COMMA = YES;
				CLANG_WARN_CONSTANT_CONVERSION = YES;
				CLANG_WARN_DEPRECATED_OBJC_IMPLEMENTATIONS = YES;
				CLANG_WARN_DIRECT_OBJC_ISA_USAGE = YES_ERROR;
				CLANG_WARN_DOCUMENTATION_COMMENTS = YES;
				CLANG_WARN_EMPTY_BODY = YES;
				CLANG_WARN_ENUM_CONVERSION = YES;
				CLANG_WARN_INFINITE_RECURSION = YES;
				CLANG_WARN_INT_CONVERSION = YES;
				CLANG_WARN_NON_LITERAL_NULL_CONVERSION = YES;
				CLANG_WARN_OBJC_IMPLICIT_RETAIN_SELF = YES;
				CLANG_WARN_OBJC_LITERAL_CONVERSION = YES;
				CLANG_WARN_OBJC_ROOT_CLASS = YES_ERROR;
				CLANG_WARN_RANGE_LOOP_ANALYSIS = YES;
				CLANG_WARN_STRICT_PROTOTYPES = YES;
				CLANG_WARN_SUSPICIOUS_MOVE = YES;
				CLANG_WARN_UNGUARDED_AVAILABILITY = YES_AGGRESSIVE;
				CLANG_WARN_UNREACHABLE_CODE = YES;
				CLANG_WARN__DUPLICATE_METHOD_MATCH = YES;
				COPY_PHASE_STRIP = NO;
				DEBUG_INFORMATION_FORMAT = "dwarf-with-dsym";
				ENABLE_NS_ASSERTIONS = NO;
				ENABLE_STRICT_OBJC_MSGSEND = YES;
				GCC_C_LANGUAGE_STANDARD = gnu11;
				GCC_NO_COMMON_BLOCKS = YES;
				GCC_WARN_64_TO_32_BIT_CONVERSION = YES;
				GCC_WARN_ABOUT_RETURN_TYPE = YES_ERROR;
				GCC_WARN_UNDECLARED_SELECTOR = YES;
				GCC_WARN_UNINITIALIZED_AUTOS = YES_AGGRESSIVE;
				GCC_WARN_UNUSED_FUNCTION = YES;
				GCC_WARN_UNUSED_VARIABLE = YES;
				IPHONEOS_DEPLOYMENT_TARGET = 13.5;
				MTL_ENABLE_DEBUG_INFO = NO;
				MTL_FAST_MATH = YES;
				SDKROOT = iphoneos;
				SWIFT_COMPILATION_MODE = wholemodule;
				SWIFT_OPTIMIZATION_LEVEL = "-O";
				VALIDATE_PRODUCT = YES;
			};
			name = Release;
		};
		EAFB8F5F248E91B2008BE894 /* Debug */ = {
			isa = XCBuildConfiguration;
			baseConfigurationReference = 25B0CFCC96C9AE6F2608FC96 /* Pods-Jog Tracker.debug.xcconfig */;
			buildSettings = {
				ASSETCATALOG_COMPILER_APPICON_NAME = AppIcon;
				CODE_SIGN_STYLE = Automatic;
				DEVELOPMENT_TEAM = 297646QN2B;
				INFOPLIST_FILE = "Jog Tracker/Info.plist";
				IPHONEOS_DEPLOYMENT_TARGET = 11.0;
				LD_RUNPATH_SEARCH_PATHS = (
					"$(inherited)",
					"@executable_path/Frameworks",
				);
				PRODUCT_BUNDLE_IDENTIFIER = "ilyabochkovib-gmail.com.Jog-Tracker";
				PRODUCT_NAME = "$(TARGET_NAME)";
				SWIFT_VERSION = 5.0;
				TARGETED_DEVICE_FAMILY = "1,2";
			};
			name = Debug;
		};
		EAFB8F60248E91B2008BE894 /* Release */ = {
			isa = XCBuildConfiguration;
			baseConfigurationReference = C05103ED1D26E120DD23844A /* Pods-Jog Tracker.release.xcconfig */;
			buildSettings = {
				ASSETCATALOG_COMPILER_APPICON_NAME = AppIcon;
				CODE_SIGN_STYLE = Automatic;
				DEVELOPMENT_TEAM = 297646QN2B;
				INFOPLIST_FILE = "Jog Tracker/Info.plist";
				IPHONEOS_DEPLOYMENT_TARGET = 11.0;
				LD_RUNPATH_SEARCH_PATHS = (
					"$(inherited)",
					"@executable_path/Frameworks",
				);
				PRODUCT_BUNDLE_IDENTIFIER = "ilyabochkovib-gmail.com.Jog-Tracker";
				PRODUCT_NAME = "$(TARGET_NAME)";
				SWIFT_VERSION = 5.0;
				TARGETED_DEVICE_FAMILY = "1,2";
			};
			name = Release;
		};
/* End XCBuildConfiguration section */

/* Begin XCConfigurationList section */
		EAFB8F45248E91AC008BE894 /* Build configuration list for PBXProject "Jog Tracker" */ = {
			isa = XCConfigurationList;
			buildConfigurations = (
				EAFB8F5C248E91B2008BE894 /* Debug */,
				EAFB8F5D248E91B2008BE894 /* Release */,
			);
			defaultConfigurationIsVisible = 0;
			defaultConfigurationName = Release;
		};
		EAFB8F5E248E91B2008BE894 /* Build configuration list for PBXNativeTarget "Jog Tracker" */ = {
			isa = XCConfigurationList;
			buildConfigurations = (
				EAFB8F5F248E91B2008BE894 /* Debug */,
				EAFB8F60248E91B2008BE894 /* Release */,
			);
			defaultConfigurationIsVisible = 0;
			defaultConfigurationName = Release;
		};
/* End XCConfigurationList section */
	};
	rootObject = EAFB8F42248E91AC008BE894 /* Project object */;
}
